
Microsoft Visual Studio Solution File, Format Version 12.00
# Visual Studio 15
VisualStudioVersion = 15.0.26403.7
MinimumVisualStudioVersion = 10.0.40219.1
Project("{2150E333-8FDC-42A3-9474-1A3956D46DE8}") = "src", "src", "{932D8224-11F6-4D07-B109-DA28AD288A63}"
EndProject
Project("{2150E333-8FDC-42A3-9474-1A3956D46DE8}") = "Services", "Services", "{91CF7717-08AB-4E65-B10E-0B426F01E2E8}"
EndProject
Project("{2150E333-8FDC-42A3-9474-1A3956D46DE8}") = "Web Apps", "Web Apps", "{E279BF0F-7F66-4F3A-A3AB-2CDA66C1CD04}"
EndProject
Project("{2150E333-8FDC-42A3-9474-1A3956D46DE8}") = "Catalog", "Catalog", "{326A7FB3-5295-468C-A4FE-67DCB823E1E5}"
EndProject
Project("{2150E333-8FDC-42A3-9474-1A3956D46DE8}") = "Basket", "Basket", "{BF3EF4F3-E4F5-41DA-9D2D-57223687D1A8}"
EndProject
Project("{2150E333-8FDC-42A3-9474-1A3956D46DE8}") = "Ordering", "Ordering", "{0BD0DB92-2D98-44D9-9AC0-C59186D59B0B}"
EndProject
Project("{9A19103F-16F7-4668-BE54-9A1E7A4F7556}") = "Basket.API", "src\Services\Basket\Basket.API\Basket.API.csproj", "{2110CBB0-3B38-4EE4-A743-DF6968D80D90}"
EndProject
Project("{9A19103F-16F7-4668-BE54-9A1E7A4F7556}") = "Catalog.API", "src\Services\Catalog\Catalog.API\Catalog.API.csproj", "{42681D9D-750A-4DF7-BD9F-9292CFD5C253}"
EndProject
Project("{9A19103F-16F7-4668-BE54-9A1E7A4F7556}") = "Ordering.API", "src\Services\Ordering\Ordering.API\Ordering.API.csproj", "{231226CE-690B-4979-8870-9A79D80928E2}"
EndProject
Project("{9A19103F-16F7-4668-BE54-9A1E7A4F7556}") = "Ordering.Domain", "src\Services\Ordering\Ordering.Domain\Ordering.Domain.csproj", "{F5598DCB-6DDE-4661-AD9D-A55612DA7E76}"
EndProject
Project("{9A19103F-16F7-4668-BE54-9A1E7A4F7556}") = "WebMVC", "src\Web\WebMVC\WebMVC.csproj", "{F0333D8E-0B27-42B7-B2C6-78F3657624E2}"
EndProject
Project("{9A19103F-16F7-4668-BE54-9A1E7A4F7556}") = "Ordering.Infrastructure", "src\Services\Ordering\Ordering.Infrastructure\Ordering.Infrastructure.csproj", "{95F1F07C-4D92-4742-BD07-E5B805AAB651}"
EndProject
Project("{2150E333-8FDC-42A3-9474-1A3956D46DE8}") = "Identity", "Identity", "{02DF7FEE-C302-433D-A6CD-237A2569F236}"
EndProject
Project("{9A19103F-16F7-4668-BE54-9A1E7A4F7556}") = "Identity.API", "src\Services\Identity\Identity.API\Identity.API.csproj", "{A579E108-5445-403D-A407-339AC4D1611B}"
EndProject
Project("{E53339B2-1760-4266-BCC7-CA923CBCF16C}") = "docker-compose", "docker-compose.dcproj", "{FEA0C318-FFED-4D39-8781-265718CA43DD}"
	ProjectSection(ProjectDependencies) = postProject
		{A579E108-5445-403D-A407-339AC4D1611B} = {A579E108-5445-403D-A407-339AC4D1611B}
		{23FB706A-2701-41E9-8BF9-28936001CA41} = {23FB706A-2701-41E9-8BF9-28936001CA41}
		{F0333D8E-0B27-42B7-B2C6-78F3657624E2} = {F0333D8E-0B27-42B7-B2C6-78F3657624E2}
		{42681D9D-750A-4DF7-BD9F-9292CFD5C253} = {42681D9D-750A-4DF7-BD9F-9292CFD5C253}
		{2110CBB0-3B38-4EE4-A743-DF6968D80D90} = {2110CBB0-3B38-4EE4-A743-DF6968D80D90}
		{231226CE-690B-4979-8870-9A79D80928E2} = {231226CE-690B-4979-8870-9A79D80928E2}
	EndProjectSection
EndProject
Project("{2150E333-8FDC-42A3-9474-1A3956D46DE8}") = "BuildingBlocks", "BuildingBlocks", "{1EF3AC0F-F27C-46DD-AC53-D762D2C11C45}"
EndProject
Project("{2150E333-8FDC-42A3-9474-1A3956D46DE8}") = "EventBus", "EventBus", "{B473B70F-0796-4862-B1AD-BB742D93B868}"
EndProject
Project("{9A19103F-16F7-4668-BE54-9A1E7A4F7556}") = "EventBus", "src\BuildingBlocks\EventBus\EventBus\EventBus.csproj", "{3D6B7A87-162E-4479-B256-1291BEB503B6}"
EndProject
Project("{9A19103F-16F7-4668-BE54-9A1E7A4F7556}") = "EventBusRabbitMQ", "src\BuildingBlocks\EventBus\EventBusRabbitMQ\EventBusRabbitMQ.csproj", "{52AF222A-258C-4032-ACDD-857D7251BC1E}"
EndProject
Project("{9A19103F-16F7-4668-BE54-9A1E7A4F7556}") = "IntegrationEventLogEF", "src\BuildingBlocks\EventBus\IntegrationEventLogEF\IntegrationEventLogEF.csproj", "{438B774F-5569-4DE2-AA62-3F8BAEB31C55}"
EndProject
Project("{2150E333-8FDC-42A3-9474-1A3956D46DE8}") = "HealthChecks", "HealthChecks", "{96CE8CE7-BC97-4A53-899F-5EB63D7BBF7B}"
EndProject
Project("{9A19103F-16F7-4668-BE54-9A1E7A4F7556}") = "Microsoft.AspNetCore.HealthChecks", "src\BuildingBlocks\HealthChecks\src\Microsoft.AspNetCore.HealthChecks\Microsoft.AspNetCore.HealthChecks.csproj", "{FFFD3E09-A803-4F99-BAC5-C93ABA3E02D3}"
EndProject
Project("{9A19103F-16F7-4668-BE54-9A1E7A4F7556}") = "Microsoft.Extensions.HealthChecks", "src\BuildingBlocks\HealthChecks\src\Microsoft.Extensions.HealthChecks\Microsoft.Extensions.HealthChecks.csproj", "{EE65FA8B-1D87-4050-BC21-F305F2F8AE45}"
EndProject
Project("{9A19103F-16F7-4668-BE54-9A1E7A4F7556}") = "Microsoft.Extensions.HealthChecks.Data", "src\BuildingBlocks\HealthChecks\src\Microsoft.Extensions.HealthChecks.Data\Microsoft.Extensions.HealthChecks.Data.csproj", "{0E7AEB45-80F2-42B9-96BB-3414669E58AA}"
EndProject
Project("{2150E333-8FDC-42A3-9474-1A3956D46DE8}") = "Resilience", "Resilience", "{D13768ED-5AF1-4E09-96DD-FF6E7A2E5E06}"
EndProject
Project("{9A19103F-16F7-4668-BE54-9A1E7A4F7556}") = "Resilience.Http", "src\BuildingBlocks\Resilience\Resilience.Http\Resilience.Http.csproj", "{D92EB452-7A72-4B26-A8ED-0204CD376BC4}"
EndProject
Project("{9A19103F-16F7-4668-BE54-9A1E7A4F7556}") = "WebStatus", "src\Web\WebStatus\WebStatus.csproj", "{23FB706A-2701-41E9-8BF9-28936001CA41}"
EndProject
Global
	GlobalSection(SolutionConfigurationPlatforms) = preSolution
		Ad-Hoc|Any CPU = Ad-Hoc|Any CPU
		Ad-Hoc|ARM = Ad-Hoc|ARM
		Ad-Hoc|iPhone = Ad-Hoc|iPhone
		Ad-Hoc|iPhoneSimulator = Ad-Hoc|iPhoneSimulator
		Ad-Hoc|x64 = Ad-Hoc|x64
		Ad-Hoc|x86 = Ad-Hoc|x86
		AppStore|Any CPU = AppStore|Any CPU
		AppStore|ARM = AppStore|ARM
		AppStore|iPhone = AppStore|iPhone
		AppStore|iPhoneSimulator = AppStore|iPhoneSimulator
		AppStore|x64 = AppStore|x64
		AppStore|x86 = AppStore|x86
		Debug|Any CPU = Debug|Any CPU
		Debug|ARM = Debug|ARM
		Debug|iPhone = Debug|iPhone
		Debug|iPhoneSimulator = Debug|iPhoneSimulator
		Debug|x64 = Debug|x64
		Debug|x86 = Debug|x86
		Release|Any CPU = Release|Any CPU
		Release|ARM = Release|ARM
		Release|iPhone = Release|iPhone
		Release|iPhoneSimulator = Release|iPhoneSimulator
		Release|x64 = Release|x64
		Release|x86 = Release|x86
	EndGlobalSection
	GlobalSection(ProjectConfigurationPlatforms) = postSolution
		{2110CBB0-3B38-4EE4-A743-DF6968D80D90}.Ad-Hoc|Any CPU.ActiveCfg = Release|Any CPU
		{2110CBB0-3B38-4EE4-A743-DF6968D80D90}.Ad-Hoc|ARM.ActiveCfg = Release|Any CPU
		{2110CBB0-3B38-4EE4-A743-DF6968D80D90}.Ad-Hoc|iPhone.ActiveCfg = Release|Any CPU
		{2110CBB0-3B38-4EE4-A743-DF6968D80D90}.Ad-Hoc|iPhoneSimulator.ActiveCfg = Release|Any CPU
		{2110CBB0-3B38-4EE4-A743-DF6968D80D90}.Ad-Hoc|x64.ActiveCfg = Release|Any CPU
		{2110CBB0-3B38-4EE4-A743-DF6968D80D90}.Ad-Hoc|x86.ActiveCfg = Release|Any CPU
		{2110CBB0-3B38-4EE4-A743-DF6968D80D90}.AppStore|Any CPU.ActiveCfg = Release|Any CPU
		{2110CBB0-3B38-4EE4-A743-DF6968D80D90}.AppStore|ARM.ActiveCfg = Release|Any CPU
		{2110CBB0-3B38-4EE4-A743-DF6968D80D90}.AppStore|iPhone.ActiveCfg = Release|Any CPU
		{2110CBB0-3B38-4EE4-A743-DF6968D80D90}.AppStore|iPhoneSimulator.ActiveCfg = Release|Any CPU
		{2110CBB0-3B38-4EE4-A743-DF6968D80D90}.AppStore|x64.ActiveCfg = Release|Any CPU
		{2110CBB0-3B38-4EE4-A743-DF6968D80D90}.AppStore|x86.ActiveCfg = Release|Any CPU
		{2110CBB0-3B38-4EE4-A743-DF6968D80D90}.Debug|Any CPU.ActiveCfg = Debug|Any CPU
		{2110CBB0-3B38-4EE4-A743-DF6968D80D90}.Debug|Any CPU.Build.0 = Debug|Any CPU
		{2110CBB0-3B38-4EE4-A743-DF6968D80D90}.Debug|ARM.ActiveCfg = Debug|Any CPU
		{2110CBB0-3B38-4EE4-A743-DF6968D80D90}.Debug|iPhone.ActiveCfg = Debug|Any CPU
		{2110CBB0-3B38-4EE4-A743-DF6968D80D90}.Debug|iPhoneSimulator.ActiveCfg = Debug|Any CPU
		{2110CBB0-3B38-4EE4-A743-DF6968D80D90}.Debug|x64.ActiveCfg = Debug|Any CPU
		{2110CBB0-3B38-4EE4-A743-DF6968D80D90}.Debug|x86.ActiveCfg = Debug|Any CPU
		{2110CBB0-3B38-4EE4-A743-DF6968D80D90}.Release|Any CPU.ActiveCfg = Release|Any CPU
		{2110CBB0-3B38-4EE4-A743-DF6968D80D90}.Release|Any CPU.Build.0 = Release|Any CPU
		{2110CBB0-3B38-4EE4-A743-DF6968D80D90}.Release|ARM.ActiveCfg = Release|Any CPU
		{2110CBB0-3B38-4EE4-A743-DF6968D80D90}.Release|iPhone.ActiveCfg = Release|Any CPU
		{2110CBB0-3B38-4EE4-A743-DF6968D80D90}.Release|iPhoneSimulator.ActiveCfg = Release|Any CPU
		{2110CBB0-3B38-4EE4-A743-DF6968D80D90}.Release|x64.ActiveCfg = Release|Any CPU
		{2110CBB0-3B38-4EE4-A743-DF6968D80D90}.Release|x86.ActiveCfg = Release|Any CPU
		{42681D9D-750A-4DF7-BD9F-9292CFD5C253}.Ad-Hoc|Any CPU.ActiveCfg = Release|Any CPU
		{42681D9D-750A-4DF7-BD9F-9292CFD5C253}.Ad-Hoc|ARM.ActiveCfg = Release|Any CPU
		{42681D9D-750A-4DF7-BD9F-9292CFD5C253}.Ad-Hoc|iPhone.ActiveCfg = Release|Any CPU
		{42681D9D-750A-4DF7-BD9F-9292CFD5C253}.Ad-Hoc|iPhoneSimulator.ActiveCfg = Release|Any CPU
		{42681D9D-750A-4DF7-BD9F-9292CFD5C253}.Ad-Hoc|x64.ActiveCfg = Release|Any CPU
		{42681D9D-750A-4DF7-BD9F-9292CFD5C253}.Ad-Hoc|x86.ActiveCfg = Release|Any CPU
		{42681D9D-750A-4DF7-BD9F-9292CFD5C253}.AppStore|Any CPU.ActiveCfg = Release|Any CPU
		{42681D9D-750A-4DF7-BD9F-9292CFD5C253}.AppStore|ARM.ActiveCfg = Release|Any CPU
		{42681D9D-750A-4DF7-BD9F-9292CFD5C253}.AppStore|iPhone.ActiveCfg = Release|Any CPU
		{42681D9D-750A-4DF7-BD9F-9292CFD5C253}.AppStore|iPhoneSimulator.ActiveCfg = Release|Any CPU
		{42681D9D-750A-4DF7-BD9F-9292CFD5C253}.AppStore|x64.ActiveCfg = Release|Any CPU
		{42681D9D-750A-4DF7-BD9F-9292CFD5C253}.AppStore|x86.ActiveCfg = Release|Any CPU
		{42681D9D-750A-4DF7-BD9F-9292CFD5C253}.Debug|Any CPU.ActiveCfg = Debug|Any CPU
		{42681D9D-750A-4DF7-BD9F-9292CFD5C253}.Debug|Any CPU.Build.0 = Debug|Any CPU
		{42681D9D-750A-4DF7-BD9F-9292CFD5C253}.Debug|ARM.ActiveCfg = Debug|Any CPU
		{42681D9D-750A-4DF7-BD9F-9292CFD5C253}.Debug|iPhone.ActiveCfg = Debug|Any CPU
		{42681D9D-750A-4DF7-BD9F-9292CFD5C253}.Debug|iPhoneSimulator.ActiveCfg = Debug|Any CPU
		{42681D9D-750A-4DF7-BD9F-9292CFD5C253}.Debug|x64.ActiveCfg = Debug|Any CPU
		{42681D9D-750A-4DF7-BD9F-9292CFD5C253}.Debug|x86.ActiveCfg = Debug|Any CPU
		{42681D9D-750A-4DF7-BD9F-9292CFD5C253}.Release|Any CPU.ActiveCfg = Release|Any CPU
		{42681D9D-750A-4DF7-BD9F-9292CFD5C253}.Release|Any CPU.Build.0 = Release|Any CPU
		{42681D9D-750A-4DF7-BD9F-9292CFD5C253}.Release|ARM.ActiveCfg = Release|Any CPU
		{42681D9D-750A-4DF7-BD9F-9292CFD5C253}.Release|iPhone.ActiveCfg = Release|Any CPU
		{42681D9D-750A-4DF7-BD9F-9292CFD5C253}.Release|iPhoneSimulator.ActiveCfg = Release|Any CPU
		{42681D9D-750A-4DF7-BD9F-9292CFD5C253}.Release|x64.ActiveCfg = Release|Any CPU
		{42681D9D-750A-4DF7-BD9F-9292CFD5C253}.Release|x86.ActiveCfg = Release|Any CPU
		{231226CE-690B-4979-8870-9A79D80928E2}.Ad-Hoc|Any CPU.ActiveCfg = Release|Any CPU
		{231226CE-690B-4979-8870-9A79D80928E2}.Ad-Hoc|ARM.ActiveCfg = Release|Any CPU
		{231226CE-690B-4979-8870-9A79D80928E2}.Ad-Hoc|iPhone.ActiveCfg = Release|Any CPU
		{231226CE-690B-4979-8870-9A79D80928E2}.Ad-Hoc|iPhoneSimulator.ActiveCfg = Release|Any CPU
		{231226CE-690B-4979-8870-9A79D80928E2}.Ad-Hoc|x64.ActiveCfg = Release|Any CPU
		{231226CE-690B-4979-8870-9A79D80928E2}.Ad-Hoc|x86.ActiveCfg = Release|Any CPU
		{231226CE-690B-4979-8870-9A79D80928E2}.AppStore|Any CPU.ActiveCfg = Release|Any CPU
		{231226CE-690B-4979-8870-9A79D80928E2}.AppStore|ARM.ActiveCfg = Release|Any CPU
		{231226CE-690B-4979-8870-9A79D80928E2}.AppStore|iPhone.ActiveCfg = Release|Any CPU
		{231226CE-690B-4979-8870-9A79D80928E2}.AppStore|iPhoneSimulator.ActiveCfg = Release|Any CPU
		{231226CE-690B-4979-8870-9A79D80928E2}.AppStore|x64.ActiveCfg = Release|Any CPU
		{231226CE-690B-4979-8870-9A79D80928E2}.AppStore|x86.ActiveCfg = Release|Any CPU
		{231226CE-690B-4979-8870-9A79D80928E2}.Debug|Any CPU.ActiveCfg = Debug|Any CPU
		{231226CE-690B-4979-8870-9A79D80928E2}.Debug|Any CPU.Build.0 = Debug|Any CPU
		{231226CE-690B-4979-8870-9A79D80928E2}.Debug|ARM.ActiveCfg = Debug|Any CPU
		{231226CE-690B-4979-8870-9A79D80928E2}.Debug|iPhone.ActiveCfg = Debug|Any CPU
		{231226CE-690B-4979-8870-9A79D80928E2}.Debug|iPhoneSimulator.ActiveCfg = Debug|Any CPU
		{231226CE-690B-4979-8870-9A79D80928E2}.Debug|x64.ActiveCfg = Debug|Any CPU
		{231226CE-690B-4979-8870-9A79D80928E2}.Debug|x86.ActiveCfg = Debug|Any CPU
		{231226CE-690B-4979-8870-9A79D80928E2}.Release|Any CPU.ActiveCfg = Release|Any CPU
		{231226CE-690B-4979-8870-9A79D80928E2}.Release|Any CPU.Build.0 = Release|Any CPU
		{231226CE-690B-4979-8870-9A79D80928E2}.Release|ARM.ActiveCfg = Release|Any CPU
		{231226CE-690B-4979-8870-9A79D80928E2}.Release|iPhone.ActiveCfg = Release|Any CPU
		{231226CE-690B-4979-8870-9A79D80928E2}.Release|iPhoneSimulator.ActiveCfg = Release|Any CPU
		{231226CE-690B-4979-8870-9A79D80928E2}.Release|x64.ActiveCfg = Release|Any CPU
		{231226CE-690B-4979-8870-9A79D80928E2}.Release|x86.ActiveCfg = Release|Any CPU
		{F5598DCB-6DDE-4661-AD9D-A55612DA7E76}.Ad-Hoc|Any CPU.ActiveCfg = Release|Any CPU
		{F5598DCB-6DDE-4661-AD9D-A55612DA7E76}.Ad-Hoc|ARM.ActiveCfg = Release|Any CPU
		{F5598DCB-6DDE-4661-AD9D-A55612DA7E76}.Ad-Hoc|iPhone.ActiveCfg = Release|Any CPU
		{F5598DCB-6DDE-4661-AD9D-A55612DA7E76}.Ad-Hoc|iPhoneSimulator.ActiveCfg = Release|Any CPU
		{F5598DCB-6DDE-4661-AD9D-A55612DA7E76}.Ad-Hoc|x64.ActiveCfg = Release|Any CPU
		{F5598DCB-6DDE-4661-AD9D-A55612DA7E76}.Ad-Hoc|x86.ActiveCfg = Release|Any CPU
		{F5598DCB-6DDE-4661-AD9D-A55612DA7E76}.AppStore|Any CPU.ActiveCfg = Release|Any CPU
		{F5598DCB-6DDE-4661-AD9D-A55612DA7E76}.AppStore|ARM.ActiveCfg = Release|Any CPU
		{F5598DCB-6DDE-4661-AD9D-A55612DA7E76}.AppStore|iPhone.ActiveCfg = Release|Any CPU
		{F5598DCB-6DDE-4661-AD9D-A55612DA7E76}.AppStore|iPhoneSimulator.ActiveCfg = Release|Any CPU
		{F5598DCB-6DDE-4661-AD9D-A55612DA7E76}.AppStore|x64.ActiveCfg = Release|Any CPU
		{F5598DCB-6DDE-4661-AD9D-A55612DA7E76}.AppStore|x86.ActiveCfg = Release|Any CPU
		{F5598DCB-6DDE-4661-AD9D-A55612DA7E76}.Debug|Any CPU.ActiveCfg = Debug|Any CPU
		{F5598DCB-6DDE-4661-AD9D-A55612DA7E76}.Debug|Any CPU.Build.0 = Debug|Any CPU
		{F5598DCB-6DDE-4661-AD9D-A55612DA7E76}.Debug|ARM.ActiveCfg = Debug|Any CPU
		{F5598DCB-6DDE-4661-AD9D-A55612DA7E76}.Debug|iPhone.ActiveCfg = Debug|Any CPU
		{F5598DCB-6DDE-4661-AD9D-A55612DA7E76}.Debug|iPhoneSimulator.ActiveCfg = Debug|Any CPU
		{F5598DCB-6DDE-4661-AD9D-A55612DA7E76}.Debug|x64.ActiveCfg = Debug|Any CPU
		{F5598DCB-6DDE-4661-AD9D-A55612DA7E76}.Debug|x86.ActiveCfg = Debug|Any CPU
		{F5598DCB-6DDE-4661-AD9D-A55612DA7E76}.Release|Any CPU.ActiveCfg = Release|Any CPU
		{F5598DCB-6DDE-4661-AD9D-A55612DA7E76}.Release|Any CPU.Build.0 = Release|Any CPU
		{F5598DCB-6DDE-4661-AD9D-A55612DA7E76}.Release|ARM.ActiveCfg = Release|Any CPU
		{F5598DCB-6DDE-4661-AD9D-A55612DA7E76}.Release|iPhone.ActiveCfg = Release|Any CPU
		{F5598DCB-6DDE-4661-AD9D-A55612DA7E76}.Release|iPhoneSimulator.ActiveCfg = Release|Any CPU
		{F5598DCB-6DDE-4661-AD9D-A55612DA7E76}.Release|x64.ActiveCfg = Release|Any CPU
		{F5598DCB-6DDE-4661-AD9D-A55612DA7E76}.Release|x86.ActiveCfg = Release|Any CPU
		{F0333D8E-0B27-42B7-B2C6-78F3657624E2}.Ad-Hoc|Any CPU.ActiveCfg = Release|Any CPU
		{F0333D8E-0B27-42B7-B2C6-78F3657624E2}.Ad-Hoc|ARM.ActiveCfg = Release|Any CPU
		{F0333D8E-0B27-42B7-B2C6-78F3657624E2}.Ad-Hoc|iPhone.ActiveCfg = Release|Any CPU
		{F0333D8E-0B27-42B7-B2C6-78F3657624E2}.Ad-Hoc|iPhoneSimulator.ActiveCfg = Release|Any CPU
		{F0333D8E-0B27-42B7-B2C6-78F3657624E2}.Ad-Hoc|x64.ActiveCfg = Release|Any CPU
		{F0333D8E-0B27-42B7-B2C6-78F3657624E2}.Ad-Hoc|x86.ActiveCfg = Release|Any CPU
		{F0333D8E-0B27-42B7-B2C6-78F3657624E2}.AppStore|Any CPU.ActiveCfg = Release|Any CPU
		{F0333D8E-0B27-42B7-B2C6-78F3657624E2}.AppStore|ARM.ActiveCfg = Release|Any CPU
		{F0333D8E-0B27-42B7-B2C6-78F3657624E2}.AppStore|iPhone.ActiveCfg = Release|Any CPU
		{F0333D8E-0B27-42B7-B2C6-78F3657624E2}.AppStore|iPhoneSimulator.ActiveCfg = Release|Any CPU
		{F0333D8E-0B27-42B7-B2C6-78F3657624E2}.AppStore|x64.ActiveCfg = Release|Any CPU
		{F0333D8E-0B27-42B7-B2C6-78F3657624E2}.AppStore|x86.ActiveCfg = Release|Any CPU
		{F0333D8E-0B27-42B7-B2C6-78F3657624E2}.Debug|Any CPU.ActiveCfg = Debug|Any CPU
		{F0333D8E-0B27-42B7-B2C6-78F3657624E2}.Debug|Any CPU.Build.0 = Debug|Any CPU
		{F0333D8E-0B27-42B7-B2C6-78F3657624E2}.Debug|ARM.ActiveCfg = Debug|Any CPU
		{F0333D8E-0B27-42B7-B2C6-78F3657624E2}.Debug|iPhone.ActiveCfg = Debug|Any CPU
		{F0333D8E-0B27-42B7-B2C6-78F3657624E2}.Debug|iPhoneSimulator.ActiveCfg = Debug|Any CPU
		{F0333D8E-0B27-42B7-B2C6-78F3657624E2}.Debug|x64.ActiveCfg = Debug|Any CPU
		{F0333D8E-0B27-42B7-B2C6-78F3657624E2}.Debug|x86.ActiveCfg = Debug|Any CPU
		{F0333D8E-0B27-42B7-B2C6-78F3657624E2}.Release|Any CPU.ActiveCfg = Release|Any CPU
		{F0333D8E-0B27-42B7-B2C6-78F3657624E2}.Release|Any CPU.Build.0 = Release|Any CPU
		{F0333D8E-0B27-42B7-B2C6-78F3657624E2}.Release|ARM.ActiveCfg = Release|Any CPU
		{F0333D8E-0B27-42B7-B2C6-78F3657624E2}.Release|iPhone.ActiveCfg = Release|Any CPU
		{F0333D8E-0B27-42B7-B2C6-78F3657624E2}.Release|iPhoneSimulator.ActiveCfg = Release|Any CPU
		{F0333D8E-0B27-42B7-B2C6-78F3657624E2}.Release|x64.ActiveCfg = Release|Any CPU
		{F0333D8E-0B27-42B7-B2C6-78F3657624E2}.Release|x86.ActiveCfg = Release|Any CPU
		{95F1F07C-4D92-4742-BD07-E5B805AAB651}.Ad-Hoc|Any CPU.ActiveCfg = Debug|Any CPU
		{95F1F07C-4D92-4742-BD07-E5B805AAB651}.Ad-Hoc|Any CPU.Build.0 = Debug|Any CPU
		{95F1F07C-4D92-4742-BD07-E5B805AAB651}.Ad-Hoc|ARM.ActiveCfg = Debug|Any CPU
		{95F1F07C-4D92-4742-BD07-E5B805AAB651}.Ad-Hoc|ARM.Build.0 = Debug|Any CPU
		{95F1F07C-4D92-4742-BD07-E5B805AAB651}.Ad-Hoc|iPhone.ActiveCfg = Debug|Any CPU
		{95F1F07C-4D92-4742-BD07-E5B805AAB651}.Ad-Hoc|iPhone.Build.0 = Debug|Any CPU
		{95F1F07C-4D92-4742-BD07-E5B805AAB651}.Ad-Hoc|iPhoneSimulator.ActiveCfg = Debug|Any CPU
		{95F1F07C-4D92-4742-BD07-E5B805AAB651}.Ad-Hoc|iPhoneSimulator.Build.0 = Debug|Any CPU
		{95F1F07C-4D92-4742-BD07-E5B805AAB651}.Ad-Hoc|x64.ActiveCfg = Debug|Any CPU
		{95F1F07C-4D92-4742-BD07-E5B805AAB651}.Ad-Hoc|x64.Build.0 = Debug|Any CPU
		{95F1F07C-4D92-4742-BD07-E5B805AAB651}.Ad-Hoc|x86.ActiveCfg = Debug|Any CPU
		{95F1F07C-4D92-4742-BD07-E5B805AAB651}.Ad-Hoc|x86.Build.0 = Debug|Any CPU
		{95F1F07C-4D92-4742-BD07-E5B805AAB651}.AppStore|Any CPU.ActiveCfg = Debug|Any CPU
		{95F1F07C-4D92-4742-BD07-E5B805AAB651}.AppStore|Any CPU.Build.0 = Debug|Any CPU
		{95F1F07C-4D92-4742-BD07-E5B805AAB651}.AppStore|ARM.ActiveCfg = Debug|Any CPU
		{95F1F07C-4D92-4742-BD07-E5B805AAB651}.AppStore|ARM.Build.0 = Debug|Any CPU
		{95F1F07C-4D92-4742-BD07-E5B805AAB651}.AppStore|iPhone.ActiveCfg = Debug|Any CPU
		{95F1F07C-4D92-4742-BD07-E5B805AAB651}.AppStore|iPhone.Build.0 = Debug|Any CPU
		{95F1F07C-4D92-4742-BD07-E5B805AAB651}.AppStore|iPhoneSimulator.ActiveCfg = Debug|Any CPU
		{95F1F07C-4D92-4742-BD07-E5B805AAB651}.AppStore|iPhoneSimulator.Build.0 = Debug|Any CPU
		{95F1F07C-4D92-4742-BD07-E5B805AAB651}.AppStore|x64.ActiveCfg = Debug|Any CPU
		{95F1F07C-4D92-4742-BD07-E5B805AAB651}.AppStore|x64.Build.0 = Debug|Any CPU
		{95F1F07C-4D92-4742-BD07-E5B805AAB651}.AppStore|x86.ActiveCfg = Debug|Any CPU
		{95F1F07C-4D92-4742-BD07-E5B805AAB651}.AppStore|x86.Build.0 = Debug|Any CPU
		{95F1F07C-4D92-4742-BD07-E5B805AAB651}.Debug|Any CPU.ActiveCfg = Debug|Any CPU
		{95F1F07C-4D92-4742-BD07-E5B805AAB651}.Debug|Any CPU.Build.0 = Debug|Any CPU
		{95F1F07C-4D92-4742-BD07-E5B805AAB651}.Debug|ARM.ActiveCfg = Debug|Any CPU
		{95F1F07C-4D92-4742-BD07-E5B805AAB651}.Debug|ARM.Build.0 = Debug|Any CPU
		{95F1F07C-4D92-4742-BD07-E5B805AAB651}.Debug|iPhone.ActiveCfg = Debug|Any CPU
		{95F1F07C-4D92-4742-BD07-E5B805AAB651}.Debug|iPhone.Build.0 = Debug|Any CPU
		{95F1F07C-4D92-4742-BD07-E5B805AAB651}.Debug|iPhoneSimulator.ActiveCfg = Debug|Any CPU
		{95F1F07C-4D92-4742-BD07-E5B805AAB651}.Debug|iPhoneSimulator.Build.0 = Debug|Any CPU
		{95F1F07C-4D92-4742-BD07-E5B805AAB651}.Debug|x64.ActiveCfg = Debug|Any CPU
		{95F1F07C-4D92-4742-BD07-E5B805AAB651}.Debug|x64.Build.0 = Debug|Any CPU
		{95F1F07C-4D92-4742-BD07-E5B805AAB651}.Debug|x86.ActiveCfg = Debug|Any CPU
		{95F1F07C-4D92-4742-BD07-E5B805AAB651}.Debug|x86.Build.0 = Debug|Any CPU
		{95F1F07C-4D92-4742-BD07-E5B805AAB651}.Release|Any CPU.ActiveCfg = Release|Any CPU
		{95F1F07C-4D92-4742-BD07-E5B805AAB651}.Release|Any CPU.Build.0 = Release|Any CPU
		{95F1F07C-4D92-4742-BD07-E5B805AAB651}.Release|ARM.ActiveCfg = Release|Any CPU
		{95F1F07C-4D92-4742-BD07-E5B805AAB651}.Release|ARM.Build.0 = Release|Any CPU
		{95F1F07C-4D92-4742-BD07-E5B805AAB651}.Release|iPhone.ActiveCfg = Release|Any CPU
		{95F1F07C-4D92-4742-BD07-E5B805AAB651}.Release|iPhone.Build.0 = Release|Any CPU
		{95F1F07C-4D92-4742-BD07-E5B805AAB651}.Release|iPhoneSimulator.ActiveCfg = Release|Any CPU
		{95F1F07C-4D92-4742-BD07-E5B805AAB651}.Release|iPhoneSimulator.Build.0 = Release|Any CPU
		{95F1F07C-4D92-4742-BD07-E5B805AAB651}.Release|x64.ActiveCfg = Release|Any CPU
		{95F1F07C-4D92-4742-BD07-E5B805AAB651}.Release|x64.Build.0 = Release|Any CPU
		{95F1F07C-4D92-4742-BD07-E5B805AAB651}.Release|x86.ActiveCfg = Release|Any CPU
		{95F1F07C-4D92-4742-BD07-E5B805AAB651}.Release|x86.Build.0 = Release|Any CPU
		{A579E108-5445-403D-A407-339AC4D1611B}.Ad-Hoc|Any CPU.ActiveCfg = Debug|Any CPU
		{A579E108-5445-403D-A407-339AC4D1611B}.Ad-Hoc|Any CPU.Build.0 = Debug|Any CPU
		{A579E108-5445-403D-A407-339AC4D1611B}.Ad-Hoc|ARM.ActiveCfg = Debug|Any CPU
		{A579E108-5445-403D-A407-339AC4D1611B}.Ad-Hoc|ARM.Build.0 = Debug|Any CPU
		{A579E108-5445-403D-A407-339AC4D1611B}.Ad-Hoc|iPhone.ActiveCfg = Debug|Any CPU
		{A579E108-5445-403D-A407-339AC4D1611B}.Ad-Hoc|iPhone.Build.0 = Debug|Any CPU
		{A579E108-5445-403D-A407-339AC4D1611B}.Ad-Hoc|iPhoneSimulator.ActiveCfg = Debug|Any CPU
		{A579E108-5445-403D-A407-339AC4D1611B}.Ad-Hoc|iPhoneSimulator.Build.0 = Debug|Any CPU
		{A579E108-5445-403D-A407-339AC4D1611B}.Ad-Hoc|x64.ActiveCfg = Debug|Any CPU
		{A579E108-5445-403D-A407-339AC4D1611B}.Ad-Hoc|x64.Build.0 = Debug|Any CPU
		{A579E108-5445-403D-A407-339AC4D1611B}.Ad-Hoc|x86.ActiveCfg = Debug|Any CPU
		{A579E108-5445-403D-A407-339AC4D1611B}.Ad-Hoc|x86.Build.0 = Debug|Any CPU
		{A579E108-5445-403D-A407-339AC4D1611B}.AppStore|Any CPU.ActiveCfg = Debug|Any CPU
		{A579E108-5445-403D-A407-339AC4D1611B}.AppStore|Any CPU.Build.0 = Debug|Any CPU
		{A579E108-5445-403D-A407-339AC4D1611B}.AppStore|ARM.ActiveCfg = Debug|Any CPU
		{A579E108-5445-403D-A407-339AC4D1611B}.AppStore|ARM.Build.0 = Debug|Any CPU
		{A579E108-5445-403D-A407-339AC4D1611B}.AppStore|iPhone.ActiveCfg = Debug|Any CPU
		{A579E108-5445-403D-A407-339AC4D1611B}.AppStore|iPhone.Build.0 = Debug|Any CPU
		{A579E108-5445-403D-A407-339AC4D1611B}.AppStore|iPhoneSimulator.ActiveCfg = Debug|Any CPU
		{A579E108-5445-403D-A407-339AC4D1611B}.AppStore|iPhoneSimulator.Build.0 = Debug|Any CPU
		{A579E108-5445-403D-A407-339AC4D1611B}.AppStore|x64.ActiveCfg = Debug|Any CPU
		{A579E108-5445-403D-A407-339AC4D1611B}.AppStore|x64.Build.0 = Debug|Any CPU
		{A579E108-5445-403D-A407-339AC4D1611B}.AppStore|x86.ActiveCfg = Debug|Any CPU
		{A579E108-5445-403D-A407-339AC4D1611B}.AppStore|x86.Build.0 = Debug|Any CPU
		{A579E108-5445-403D-A407-339AC4D1611B}.Debug|Any CPU.ActiveCfg = Debug|Any CPU
		{A579E108-5445-403D-A407-339AC4D1611B}.Debug|Any CPU.Build.0 = Debug|Any CPU
		{A579E108-5445-403D-A407-339AC4D1611B}.Debug|ARM.ActiveCfg = Debug|Any CPU
		{A579E108-5445-403D-A407-339AC4D1611B}.Debug|ARM.Build.0 = Debug|Any CPU
		{A579E108-5445-403D-A407-339AC4D1611B}.Debug|iPhone.ActiveCfg = Debug|Any CPU
		{A579E108-5445-403D-A407-339AC4D1611B}.Debug|iPhone.Build.0 = Debug|Any CPU
		{A579E108-5445-403D-A407-339AC4D1611B}.Debug|iPhoneSimulator.ActiveCfg = Debug|Any CPU
		{A579E108-5445-403D-A407-339AC4D1611B}.Debug|iPhoneSimulator.Build.0 = Debug|Any CPU
		{A579E108-5445-403D-A407-339AC4D1611B}.Debug|x64.ActiveCfg = Debug|Any CPU
		{A579E108-5445-403D-A407-339AC4D1611B}.Debug|x64.Build.0 = Debug|Any CPU
		{A579E108-5445-403D-A407-339AC4D1611B}.Debug|x86.ActiveCfg = Debug|Any CPU
		{A579E108-5445-403D-A407-339AC4D1611B}.Debug|x86.Build.0 = Debug|Any CPU
		{A579E108-5445-403D-A407-339AC4D1611B}.Release|Any CPU.ActiveCfg = Release|Any CPU
		{A579E108-5445-403D-A407-339AC4D1611B}.Release|Any CPU.Build.0 = Release|Any CPU
		{A579E108-5445-403D-A407-339AC4D1611B}.Release|ARM.ActiveCfg = Release|Any CPU
		{A579E108-5445-403D-A407-339AC4D1611B}.Release|ARM.Build.0 = Release|Any CPU
		{A579E108-5445-403D-A407-339AC4D1611B}.Release|iPhone.ActiveCfg = Release|Any CPU
		{A579E108-5445-403D-A407-339AC4D1611B}.Release|iPhone.Build.0 = Release|Any CPU
		{A579E108-5445-403D-A407-339AC4D1611B}.Release|iPhoneSimulator.ActiveCfg = Release|Any CPU
		{A579E108-5445-403D-A407-339AC4D1611B}.Release|iPhoneSimulator.Build.0 = Release|Any CPU
		{A579E108-5445-403D-A407-339AC4D1611B}.Release|x64.ActiveCfg = Release|Any CPU
		{A579E108-5445-403D-A407-339AC4D1611B}.Release|x64.Build.0 = Release|Any CPU
		{A579E108-5445-403D-A407-339AC4D1611B}.Release|x86.ActiveCfg = Release|Any CPU
		{A579E108-5445-403D-A407-339AC4D1611B}.Release|x86.Build.0 = Release|Any CPU
		{FEA0C318-FFED-4D39-8781-265718CA43DD}.Ad-Hoc|Any CPU.ActiveCfg = Debug|Any CPU
		{FEA0C318-FFED-4D39-8781-265718CA43DD}.Ad-Hoc|Any CPU.Build.0 = Debug|Any CPU
		{FEA0C318-FFED-4D39-8781-265718CA43DD}.Ad-Hoc|ARM.ActiveCfg = Debug|Any CPU
		{FEA0C318-FFED-4D39-8781-265718CA43DD}.Ad-Hoc|ARM.Build.0 = Debug|Any CPU
		{FEA0C318-FFED-4D39-8781-265718CA43DD}.Ad-Hoc|iPhone.ActiveCfg = Debug|Any CPU
		{FEA0C318-FFED-4D39-8781-265718CA43DD}.Ad-Hoc|iPhone.Build.0 = Debug|Any CPU
		{FEA0C318-FFED-4D39-8781-265718CA43DD}.Ad-Hoc|iPhoneSimulator.ActiveCfg = Debug|Any CPU
		{FEA0C318-FFED-4D39-8781-265718CA43DD}.Ad-Hoc|iPhoneSimulator.Build.0 = Debug|Any CPU
		{FEA0C318-FFED-4D39-8781-265718CA43DD}.Ad-Hoc|x64.ActiveCfg = Debug|Any CPU
		{FEA0C318-FFED-4D39-8781-265718CA43DD}.Ad-Hoc|x64.Build.0 = Debug|Any CPU
		{FEA0C318-FFED-4D39-8781-265718CA43DD}.Ad-Hoc|x86.ActiveCfg = Debug|Any CPU
		{FEA0C318-FFED-4D39-8781-265718CA43DD}.Ad-Hoc|x86.Build.0 = Debug|Any CPU
		{FEA0C318-FFED-4D39-8781-265718CA43DD}.AppStore|Any CPU.ActiveCfg = Debug|Any CPU
		{FEA0C318-FFED-4D39-8781-265718CA43DD}.AppStore|Any CPU.Build.0 = Debug|Any CPU
		{FEA0C318-FFED-4D39-8781-265718CA43DD}.AppStore|ARM.ActiveCfg = Debug|Any CPU
		{FEA0C318-FFED-4D39-8781-265718CA43DD}.AppStore|ARM.Build.0 = Debug|Any CPU
		{FEA0C318-FFED-4D39-8781-265718CA43DD}.AppStore|iPhone.ActiveCfg = Debug|Any CPU
		{FEA0C318-FFED-4D39-8781-265718CA43DD}.AppStore|iPhone.Build.0 = Debug|Any CPU
		{FEA0C318-FFED-4D39-8781-265718CA43DD}.AppStore|iPhoneSimulator.ActiveCfg = Debug|Any CPU
		{FEA0C318-FFED-4D39-8781-265718CA43DD}.AppStore|iPhoneSimulator.Build.0 = Debug|Any CPU
		{FEA0C318-FFED-4D39-8781-265718CA43DD}.AppStore|x64.ActiveCfg = Debug|Any CPU
		{FEA0C318-FFED-4D39-8781-265718CA43DD}.AppStore|x64.Build.0 = Debug|Any CPU
		{FEA0C318-FFED-4D39-8781-265718CA43DD}.AppStore|x86.ActiveCfg = Debug|Any CPU
		{FEA0C318-FFED-4D39-8781-265718CA43DD}.AppStore|x86.Build.0 = Debug|Any CPU
		{FEA0C318-FFED-4D39-8781-265718CA43DD}.Debug|Any CPU.ActiveCfg = Debug|Any CPU
		{FEA0C318-FFED-4D39-8781-265718CA43DD}.Debug|Any CPU.Build.0 = Debug|Any CPU
		{FEA0C318-FFED-4D39-8781-265718CA43DD}.Debug|ARM.ActiveCfg = Debug|Any CPU
		{FEA0C318-FFED-4D39-8781-265718CA43DD}.Debug|ARM.Build.0 = Debug|Any CPU
		{FEA0C318-FFED-4D39-8781-265718CA43DD}.Debug|iPhone.ActiveCfg = Debug|Any CPU
		{FEA0C318-FFED-4D39-8781-265718CA43DD}.Debug|iPhone.Build.0 = Debug|Any CPU
		{FEA0C318-FFED-4D39-8781-265718CA43DD}.Debug|iPhoneSimulator.ActiveCfg = Debug|Any CPU
		{FEA0C318-FFED-4D39-8781-265718CA43DD}.Debug|iPhoneSimulator.Build.0 = Debug|Any CPU
		{FEA0C318-FFED-4D39-8781-265718CA43DD}.Debug|x64.ActiveCfg = Debug|Any CPU
		{FEA0C318-FFED-4D39-8781-265718CA43DD}.Debug|x64.Build.0 = Debug|Any CPU
		{FEA0C318-FFED-4D39-8781-265718CA43DD}.Debug|x86.ActiveCfg = Debug|Any CPU
		{FEA0C318-FFED-4D39-8781-265718CA43DD}.Debug|x86.Build.0 = Debug|Any CPU
		{FEA0C318-FFED-4D39-8781-265718CA43DD}.Release|Any CPU.ActiveCfg = Release|Any CPU
		{FEA0C318-FFED-4D39-8781-265718CA43DD}.Release|Any CPU.Build.0 = Release|Any CPU
		{FEA0C318-FFED-4D39-8781-265718CA43DD}.Release|ARM.ActiveCfg = Release|Any CPU
		{FEA0C318-FFED-4D39-8781-265718CA43DD}.Release|ARM.Build.0 = Release|Any CPU
		{FEA0C318-FFED-4D39-8781-265718CA43DD}.Release|iPhone.ActiveCfg = Release|Any CPU
		{FEA0C318-FFED-4D39-8781-265718CA43DD}.Release|iPhone.Build.0 = Release|Any CPU
		{FEA0C318-FFED-4D39-8781-265718CA43DD}.Release|iPhoneSimulator.ActiveCfg = Release|Any CPU
		{FEA0C318-FFED-4D39-8781-265718CA43DD}.Release|iPhoneSimulator.Build.0 = Release|Any CPU
		{FEA0C318-FFED-4D39-8781-265718CA43DD}.Release|x64.ActiveCfg = Release|Any CPU
		{FEA0C318-FFED-4D39-8781-265718CA43DD}.Release|x64.Build.0 = Release|Any CPU
		{FEA0C318-FFED-4D39-8781-265718CA43DD}.Release|x86.ActiveCfg = Release|Any CPU
		{FEA0C318-FFED-4D39-8781-265718CA43DD}.Release|x86.Build.0 = Release|Any CPU
		{3D6B7A87-162E-4479-B256-1291BEB503B6}.Ad-Hoc|Any CPU.ActiveCfg = Debug|Any CPU
		{3D6B7A87-162E-4479-B256-1291BEB503B6}.Ad-Hoc|Any CPU.Build.0 = Debug|Any CPU
		{3D6B7A87-162E-4479-B256-1291BEB503B6}.Ad-Hoc|ARM.ActiveCfg = Debug|Any CPU
		{3D6B7A87-162E-4479-B256-1291BEB503B6}.Ad-Hoc|ARM.Build.0 = Debug|Any CPU
		{3D6B7A87-162E-4479-B256-1291BEB503B6}.Ad-Hoc|iPhone.ActiveCfg = Debug|Any CPU
		{3D6B7A87-162E-4479-B256-1291BEB503B6}.Ad-Hoc|iPhone.Build.0 = Debug|Any CPU
		{3D6B7A87-162E-4479-B256-1291BEB503B6}.Ad-Hoc|iPhoneSimulator.ActiveCfg = Debug|Any CPU
		{3D6B7A87-162E-4479-B256-1291BEB503B6}.Ad-Hoc|iPhoneSimulator.Build.0 = Debug|Any CPU
		{3D6B7A87-162E-4479-B256-1291BEB503B6}.Ad-Hoc|x64.ActiveCfg = Debug|Any CPU
		{3D6B7A87-162E-4479-B256-1291BEB503B6}.Ad-Hoc|x64.Build.0 = Debug|Any CPU
		{3D6B7A87-162E-4479-B256-1291BEB503B6}.Ad-Hoc|x86.ActiveCfg = Debug|Any CPU
		{3D6B7A87-162E-4479-B256-1291BEB503B6}.Ad-Hoc|x86.Build.0 = Debug|Any CPU
		{3D6B7A87-162E-4479-B256-1291BEB503B6}.AppStore|Any CPU.ActiveCfg = Debug|Any CPU
		{3D6B7A87-162E-4479-B256-1291BEB503B6}.AppStore|Any CPU.Build.0 = Debug|Any CPU
		{3D6B7A87-162E-4479-B256-1291BEB503B6}.AppStore|ARM.ActiveCfg = Debug|Any CPU
		{3D6B7A87-162E-4479-B256-1291BEB503B6}.AppStore|ARM.Build.0 = Debug|Any CPU
		{3D6B7A87-162E-4479-B256-1291BEB503B6}.AppStore|iPhone.ActiveCfg = Debug|Any CPU
		{3D6B7A87-162E-4479-B256-1291BEB503B6}.AppStore|iPhone.Build.0 = Debug|Any CPU
		{3D6B7A87-162E-4479-B256-1291BEB503B6}.AppStore|iPhoneSimulator.ActiveCfg = Debug|Any CPU
		{3D6B7A87-162E-4479-B256-1291BEB503B6}.AppStore|iPhoneSimulator.Build.0 = Debug|Any CPU
		{3D6B7A87-162E-4479-B256-1291BEB503B6}.AppStore|x64.ActiveCfg = Debug|Any CPU
		{3D6B7A87-162E-4479-B256-1291BEB503B6}.AppStore|x64.Build.0 = Debug|Any CPU
		{3D6B7A87-162E-4479-B256-1291BEB503B6}.AppStore|x86.ActiveCfg = Debug|Any CPU
		{3D6B7A87-162E-4479-B256-1291BEB503B6}.AppStore|x86.Build.0 = Debug|Any CPU
		{3D6B7A87-162E-4479-B256-1291BEB503B6}.Debug|Any CPU.ActiveCfg = Debug|Any CPU
		{3D6B7A87-162E-4479-B256-1291BEB503B6}.Debug|Any CPU.Build.0 = Debug|Any CPU
		{3D6B7A87-162E-4479-B256-1291BEB503B6}.Debug|ARM.ActiveCfg = Debug|Any CPU
		{3D6B7A87-162E-4479-B256-1291BEB503B6}.Debug|ARM.Build.0 = Debug|Any CPU
		{3D6B7A87-162E-4479-B256-1291BEB503B6}.Debug|iPhone.ActiveCfg = Debug|Any CPU
		{3D6B7A87-162E-4479-B256-1291BEB503B6}.Debug|iPhone.Build.0 = Debug|Any CPU
		{3D6B7A87-162E-4479-B256-1291BEB503B6}.Debug|iPhoneSimulator.ActiveCfg = Debug|Any CPU
		{3D6B7A87-162E-4479-B256-1291BEB503B6}.Debug|iPhoneSimulator.Build.0 = Debug|Any CPU
		{3D6B7A87-162E-4479-B256-1291BEB503B6}.Debug|x64.ActiveCfg = Debug|Any CPU
		{3D6B7A87-162E-4479-B256-1291BEB503B6}.Debug|x64.Build.0 = Debug|Any CPU
		{3D6B7A87-162E-4479-B256-1291BEB503B6}.Debug|x86.ActiveCfg = Debug|Any CPU
		{3D6B7A87-162E-4479-B256-1291BEB503B6}.Debug|x86.Build.0 = Debug|Any CPU
		{3D6B7A87-162E-4479-B256-1291BEB503B6}.Release|Any CPU.ActiveCfg = Release|Any CPU
		{3D6B7A87-162E-4479-B256-1291BEB503B6}.Release|Any CPU.Build.0 = Release|Any CPU
		{3D6B7A87-162E-4479-B256-1291BEB503B6}.Release|ARM.ActiveCfg = Release|Any CPU
		{3D6B7A87-162E-4479-B256-1291BEB503B6}.Release|ARM.Build.0 = Release|Any CPU
		{3D6B7A87-162E-4479-B256-1291BEB503B6}.Release|iPhone.ActiveCfg = Release|Any CPU
		{3D6B7A87-162E-4479-B256-1291BEB503B6}.Release|iPhone.Build.0 = Release|Any CPU
		{3D6B7A87-162E-4479-B256-1291BEB503B6}.Release|iPhoneSimulator.ActiveCfg = Release|Any CPU
		{3D6B7A87-162E-4479-B256-1291BEB503B6}.Release|iPhoneSimulator.Build.0 = Release|Any CPU
		{3D6B7A87-162E-4479-B256-1291BEB503B6}.Release|x64.ActiveCfg = Release|Any CPU
		{3D6B7A87-162E-4479-B256-1291BEB503B6}.Release|x64.Build.0 = Release|Any CPU
		{3D6B7A87-162E-4479-B256-1291BEB503B6}.Release|x86.ActiveCfg = Release|Any CPU
		{3D6B7A87-162E-4479-B256-1291BEB503B6}.Release|x86.Build.0 = Release|Any CPU
		{52AF222A-258C-4032-ACDD-857D7251BC1E}.Ad-Hoc|Any CPU.ActiveCfg = Debug|Any CPU
		{52AF222A-258C-4032-ACDD-857D7251BC1E}.Ad-Hoc|Any CPU.Build.0 = Debug|Any CPU
		{52AF222A-258C-4032-ACDD-857D7251BC1E}.Ad-Hoc|ARM.ActiveCfg = Debug|Any CPU
		{52AF222A-258C-4032-ACDD-857D7251BC1E}.Ad-Hoc|ARM.Build.0 = Debug|Any CPU
		{52AF222A-258C-4032-ACDD-857D7251BC1E}.Ad-Hoc|iPhone.ActiveCfg = Debug|Any CPU
		{52AF222A-258C-4032-ACDD-857D7251BC1E}.Ad-Hoc|iPhone.Build.0 = Debug|Any CPU
		{52AF222A-258C-4032-ACDD-857D7251BC1E}.Ad-Hoc|iPhoneSimulator.ActiveCfg = Debug|Any CPU
		{52AF222A-258C-4032-ACDD-857D7251BC1E}.Ad-Hoc|iPhoneSimulator.Build.0 = Debug|Any CPU
		{52AF222A-258C-4032-ACDD-857D7251BC1E}.Ad-Hoc|x64.ActiveCfg = Debug|Any CPU
		{52AF222A-258C-4032-ACDD-857D7251BC1E}.Ad-Hoc|x64.Build.0 = Debug|Any CPU
		{52AF222A-258C-4032-ACDD-857D7251BC1E}.Ad-Hoc|x86.ActiveCfg = Debug|Any CPU
		{52AF222A-258C-4032-ACDD-857D7251BC1E}.Ad-Hoc|x86.Build.0 = Debug|Any CPU
		{52AF222A-258C-4032-ACDD-857D7251BC1E}.AppStore|Any CPU.ActiveCfg = Debug|Any CPU
		{52AF222A-258C-4032-ACDD-857D7251BC1E}.AppStore|Any CPU.Build.0 = Debug|Any CPU
		{52AF222A-258C-4032-ACDD-857D7251BC1E}.AppStore|ARM.ActiveCfg = Debug|Any CPU
		{52AF222A-258C-4032-ACDD-857D7251BC1E}.AppStore|ARM.Build.0 = Debug|Any CPU
		{52AF222A-258C-4032-ACDD-857D7251BC1E}.AppStore|iPhone.ActiveCfg = Debug|Any CPU
		{52AF222A-258C-4032-ACDD-857D7251BC1E}.AppStore|iPhone.Build.0 = Debug|Any CPU
		{52AF222A-258C-4032-ACDD-857D7251BC1E}.AppStore|iPhoneSimulator.ActiveCfg = Debug|Any CPU
		{52AF222A-258C-4032-ACDD-857D7251BC1E}.AppStore|iPhoneSimulator.Build.0 = Debug|Any CPU
		{52AF222A-258C-4032-ACDD-857D7251BC1E}.AppStore|x64.ActiveCfg = Debug|Any CPU
		{52AF222A-258C-4032-ACDD-857D7251BC1E}.AppStore|x64.Build.0 = Debug|Any CPU
		{52AF222A-258C-4032-ACDD-857D7251BC1E}.AppStore|x86.ActiveCfg = Debug|Any CPU
		{52AF222A-258C-4032-ACDD-857D7251BC1E}.AppStore|x86.Build.0 = Debug|Any CPU
		{52AF222A-258C-4032-ACDD-857D7251BC1E}.Debug|Any CPU.ActiveCfg = Debug|Any CPU
		{52AF222A-258C-4032-ACDD-857D7251BC1E}.Debug|Any CPU.Build.0 = Debug|Any CPU
		{52AF222A-258C-4032-ACDD-857D7251BC1E}.Debug|ARM.ActiveCfg = Debug|Any CPU
		{52AF222A-258C-4032-ACDD-857D7251BC1E}.Debug|ARM.Build.0 = Debug|Any CPU
		{52AF222A-258C-4032-ACDD-857D7251BC1E}.Debug|iPhone.ActiveCfg = Debug|Any CPU
		{52AF222A-258C-4032-ACDD-857D7251BC1E}.Debug|iPhone.Build.0 = Debug|Any CPU
		{52AF222A-258C-4032-ACDD-857D7251BC1E}.Debug|iPhoneSimulator.ActiveCfg = Debug|Any CPU
		{52AF222A-258C-4032-ACDD-857D7251BC1E}.Debug|iPhoneSimulator.Build.0 = Debug|Any CPU
		{52AF222A-258C-4032-ACDD-857D7251BC1E}.Debug|x64.ActiveCfg = Debug|Any CPU
		{52AF222A-258C-4032-ACDD-857D7251BC1E}.Debug|x64.Build.0 = Debug|Any CPU
		{52AF222A-258C-4032-ACDD-857D7251BC1E}.Debug|x86.ActiveCfg = Debug|Any CPU
		{52AF222A-258C-4032-ACDD-857D7251BC1E}.Debug|x86.Build.0 = Debug|Any CPU
		{52AF222A-258C-4032-ACDD-857D7251BC1E}.Release|Any CPU.ActiveCfg = Release|Any CPU
		{52AF222A-258C-4032-ACDD-857D7251BC1E}.Release|Any CPU.Build.0 = Release|Any CPU
		{52AF222A-258C-4032-ACDD-857D7251BC1E}.Release|ARM.ActiveCfg = Release|Any CPU
		{52AF222A-258C-4032-ACDD-857D7251BC1E}.Release|ARM.Build.0 = Release|Any CPU
		{52AF222A-258C-4032-ACDD-857D7251BC1E}.Release|iPhone.ActiveCfg = Release|Any CPU
		{52AF222A-258C-4032-ACDD-857D7251BC1E}.Release|iPhone.Build.0 = Release|Any CPU
		{52AF222A-258C-4032-ACDD-857D7251BC1E}.Release|iPhoneSimulator.ActiveCfg = Release|Any CPU
		{52AF222A-258C-4032-ACDD-857D7251BC1E}.Release|iPhoneSimulator.Build.0 = Release|Any CPU
		{52AF222A-258C-4032-ACDD-857D7251BC1E}.Release|x64.ActiveCfg = Release|Any CPU
		{52AF222A-258C-4032-ACDD-857D7251BC1E}.Release|x64.Build.0 = Release|Any CPU
		{52AF222A-258C-4032-ACDD-857D7251BC1E}.Release|x86.ActiveCfg = Release|Any CPU
		{52AF222A-258C-4032-ACDD-857D7251BC1E}.Release|x86.Build.0 = Release|Any CPU
		{438B774F-5569-4DE2-AA62-3F8BAEB31C55}.Ad-Hoc|Any CPU.ActiveCfg = Debug|Any CPU
		{438B774F-5569-4DE2-AA62-3F8BAEB31C55}.Ad-Hoc|Any CPU.Build.0 = Debug|Any CPU
		{438B774F-5569-4DE2-AA62-3F8BAEB31C55}.Ad-Hoc|ARM.ActiveCfg = Debug|Any CPU
		{438B774F-5569-4DE2-AA62-3F8BAEB31C55}.Ad-Hoc|ARM.Build.0 = Debug|Any CPU
		{438B774F-5569-4DE2-AA62-3F8BAEB31C55}.Ad-Hoc|iPhone.ActiveCfg = Debug|Any CPU
		{438B774F-5569-4DE2-AA62-3F8BAEB31C55}.Ad-Hoc|iPhone.Build.0 = Debug|Any CPU
		{438B774F-5569-4DE2-AA62-3F8BAEB31C55}.Ad-Hoc|iPhoneSimulator.ActiveCfg = Debug|Any CPU
		{438B774F-5569-4DE2-AA62-3F8BAEB31C55}.Ad-Hoc|iPhoneSimulator.Build.0 = Debug|Any CPU
		{438B774F-5569-4DE2-AA62-3F8BAEB31C55}.Ad-Hoc|x64.ActiveCfg = Debug|Any CPU
		{438B774F-5569-4DE2-AA62-3F8BAEB31C55}.Ad-Hoc|x64.Build.0 = Debug|Any CPU
		{438B774F-5569-4DE2-AA62-3F8BAEB31C55}.Ad-Hoc|x86.ActiveCfg = Debug|Any CPU
		{438B774F-5569-4DE2-AA62-3F8BAEB31C55}.Ad-Hoc|x86.Build.0 = Debug|Any CPU
		{438B774F-5569-4DE2-AA62-3F8BAEB31C55}.AppStore|Any CPU.ActiveCfg = Debug|Any CPU
		{438B774F-5569-4DE2-AA62-3F8BAEB31C55}.AppStore|Any CPU.Build.0 = Debug|Any CPU
		{438B774F-5569-4DE2-AA62-3F8BAEB31C55}.AppStore|ARM.ActiveCfg = Debug|Any CPU
		{438B774F-5569-4DE2-AA62-3F8BAEB31C55}.AppStore|ARM.Build.0 = Debug|Any CPU
		{438B774F-5569-4DE2-AA62-3F8BAEB31C55}.AppStore|iPhone.ActiveCfg = Debug|Any CPU
		{438B774F-5569-4DE2-AA62-3F8BAEB31C55}.AppStore|iPhone.Build.0 = Debug|Any CPU
		{438B774F-5569-4DE2-AA62-3F8BAEB31C55}.AppStore|iPhoneSimulator.ActiveCfg = Debug|Any CPU
		{438B774F-5569-4DE2-AA62-3F8BAEB31C55}.AppStore|iPhoneSimulator.Build.0 = Debug|Any CPU
		{438B774F-5569-4DE2-AA62-3F8BAEB31C55}.AppStore|x64.ActiveCfg = Debug|Any CPU
		{438B774F-5569-4DE2-AA62-3F8BAEB31C55}.AppStore|x64.Build.0 = Debug|Any CPU
		{438B774F-5569-4DE2-AA62-3F8BAEB31C55}.AppStore|x86.ActiveCfg = Debug|Any CPU
		{438B774F-5569-4DE2-AA62-3F8BAEB31C55}.AppStore|x86.Build.0 = Debug|Any CPU
		{438B774F-5569-4DE2-AA62-3F8BAEB31C55}.Debug|Any CPU.ActiveCfg = Debug|Any CPU
		{438B774F-5569-4DE2-AA62-3F8BAEB31C55}.Debug|Any CPU.Build.0 = Debug|Any CPU
		{438B774F-5569-4DE2-AA62-3F8BAEB31C55}.Debug|ARM.ActiveCfg = Debug|Any CPU
		{438B774F-5569-4DE2-AA62-3F8BAEB31C55}.Debug|ARM.Build.0 = Debug|Any CPU
		{438B774F-5569-4DE2-AA62-3F8BAEB31C55}.Debug|iPhone.ActiveCfg = Debug|Any CPU
		{438B774F-5569-4DE2-AA62-3F8BAEB31C55}.Debug|iPhone.Build.0 = Debug|Any CPU
		{438B774F-5569-4DE2-AA62-3F8BAEB31C55}.Debug|iPhoneSimulator.ActiveCfg = Debug|Any CPU
		{438B774F-5569-4DE2-AA62-3F8BAEB31C55}.Debug|iPhoneSimulator.Build.0 = Debug|Any CPU
		{438B774F-5569-4DE2-AA62-3F8BAEB31C55}.Debug|x64.ActiveCfg = Debug|Any CPU
		{438B774F-5569-4DE2-AA62-3F8BAEB31C55}.Debug|x64.Build.0 = Debug|Any CPU
		{438B774F-5569-4DE2-AA62-3F8BAEB31C55}.Debug|x86.ActiveCfg = Debug|Any CPU
		{438B774F-5569-4DE2-AA62-3F8BAEB31C55}.Debug|x86.Build.0 = Debug|Any CPU
		{438B774F-5569-4DE2-AA62-3F8BAEB31C55}.Release|Any CPU.ActiveCfg = Release|Any CPU
		{438B774F-5569-4DE2-AA62-3F8BAEB31C55}.Release|Any CPU.Build.0 = Release|Any CPU
		{438B774F-5569-4DE2-AA62-3F8BAEB31C55}.Release|ARM.ActiveCfg = Release|Any CPU
		{438B774F-5569-4DE2-AA62-3F8BAEB31C55}.Release|ARM.Build.0 = Release|Any CPU
		{438B774F-5569-4DE2-AA62-3F8BAEB31C55}.Release|iPhone.ActiveCfg = Release|Any CPU
		{438B774F-5569-4DE2-AA62-3F8BAEB31C55}.Release|iPhone.Build.0 = Release|Any CPU
		{438B774F-5569-4DE2-AA62-3F8BAEB31C55}.Release|iPhoneSimulator.ActiveCfg = Release|Any CPU
		{438B774F-5569-4DE2-AA62-3F8BAEB31C55}.Release|iPhoneSimulator.Build.0 = Release|Any CPU
		{438B774F-5569-4DE2-AA62-3F8BAEB31C55}.Release|x64.ActiveCfg = Release|Any CPU
		{438B774F-5569-4DE2-AA62-3F8BAEB31C55}.Release|x64.Build.0 = Release|Any CPU
		{438B774F-5569-4DE2-AA62-3F8BAEB31C55}.Release|x86.ActiveCfg = Release|Any CPU
		{438B774F-5569-4DE2-AA62-3F8BAEB31C55}.Release|x86.Build.0 = Release|Any CPU
		{FFFD3E09-A803-4F99-BAC5-C93ABA3E02D3}.Ad-Hoc|Any CPU.ActiveCfg = Debug|Any CPU
		{FFFD3E09-A803-4F99-BAC5-C93ABA3E02D3}.Ad-Hoc|Any CPU.Build.0 = Debug|Any CPU
		{FFFD3E09-A803-4F99-BAC5-C93ABA3E02D3}.Ad-Hoc|ARM.ActiveCfg = Debug|Any CPU
		{FFFD3E09-A803-4F99-BAC5-C93ABA3E02D3}.Ad-Hoc|ARM.Build.0 = Debug|Any CPU
		{FFFD3E09-A803-4F99-BAC5-C93ABA3E02D3}.Ad-Hoc|iPhone.ActiveCfg = Debug|Any CPU
		{FFFD3E09-A803-4F99-BAC5-C93ABA3E02D3}.Ad-Hoc|iPhone.Build.0 = Debug|Any CPU
		{FFFD3E09-A803-4F99-BAC5-C93ABA3E02D3}.Ad-Hoc|iPhoneSimulator.ActiveCfg = Debug|Any CPU
		{FFFD3E09-A803-4F99-BAC5-C93ABA3E02D3}.Ad-Hoc|iPhoneSimulator.Build.0 = Debug|Any CPU
		{FFFD3E09-A803-4F99-BAC5-C93ABA3E02D3}.Ad-Hoc|x64.ActiveCfg = Debug|Any CPU
		{FFFD3E09-A803-4F99-BAC5-C93ABA3E02D3}.Ad-Hoc|x64.Build.0 = Debug|Any CPU
		{FFFD3E09-A803-4F99-BAC5-C93ABA3E02D3}.Ad-Hoc|x86.ActiveCfg = Debug|Any CPU
		{FFFD3E09-A803-4F99-BAC5-C93ABA3E02D3}.Ad-Hoc|x86.Build.0 = Debug|Any CPU
		{FFFD3E09-A803-4F99-BAC5-C93ABA3E02D3}.AppStore|Any CPU.ActiveCfg = Debug|Any CPU
		{FFFD3E09-A803-4F99-BAC5-C93ABA3E02D3}.AppStore|Any CPU.Build.0 = Debug|Any CPU
		{FFFD3E09-A803-4F99-BAC5-C93ABA3E02D3}.AppStore|ARM.ActiveCfg = Debug|Any CPU
		{FFFD3E09-A803-4F99-BAC5-C93ABA3E02D3}.AppStore|ARM.Build.0 = Debug|Any CPU
		{FFFD3E09-A803-4F99-BAC5-C93ABA3E02D3}.AppStore|iPhone.ActiveCfg = Debug|Any CPU
		{FFFD3E09-A803-4F99-BAC5-C93ABA3E02D3}.AppStore|iPhone.Build.0 = Debug|Any CPU
		{FFFD3E09-A803-4F99-BAC5-C93ABA3E02D3}.AppStore|iPhoneSimulator.ActiveCfg = Debug|Any CPU
		{FFFD3E09-A803-4F99-BAC5-C93ABA3E02D3}.AppStore|iPhoneSimulator.Build.0 = Debug|Any CPU
		{FFFD3E09-A803-4F99-BAC5-C93ABA3E02D3}.AppStore|x64.ActiveCfg = Debug|Any CPU
		{FFFD3E09-A803-4F99-BAC5-C93ABA3E02D3}.AppStore|x64.Build.0 = Debug|Any CPU
		{FFFD3E09-A803-4F99-BAC5-C93ABA3E02D3}.AppStore|x86.ActiveCfg = Debug|Any CPU
		{FFFD3E09-A803-4F99-BAC5-C93ABA3E02D3}.AppStore|x86.Build.0 = Debug|Any CPU
		{FFFD3E09-A803-4F99-BAC5-C93ABA3E02D3}.Debug|Any CPU.ActiveCfg = Debug|Any CPU
		{FFFD3E09-A803-4F99-BAC5-C93ABA3E02D3}.Debug|Any CPU.Build.0 = Debug|Any CPU
		{FFFD3E09-A803-4F99-BAC5-C93ABA3E02D3}.Debug|ARM.ActiveCfg = Debug|Any CPU
		{FFFD3E09-A803-4F99-BAC5-C93ABA3E02D3}.Debug|ARM.Build.0 = Debug|Any CPU
		{FFFD3E09-A803-4F99-BAC5-C93ABA3E02D3}.Debug|iPhone.ActiveCfg = Debug|Any CPU
		{FFFD3E09-A803-4F99-BAC5-C93ABA3E02D3}.Debug|iPhone.Build.0 = Debug|Any CPU
		{FFFD3E09-A803-4F99-BAC5-C93ABA3E02D3}.Debug|iPhoneSimulator.ActiveCfg = Debug|Any CPU
		{FFFD3E09-A803-4F99-BAC5-C93ABA3E02D3}.Debug|iPhoneSimulator.Build.0 = Debug|Any CPU
		{FFFD3E09-A803-4F99-BAC5-C93ABA3E02D3}.Debug|x64.ActiveCfg = Debug|Any CPU
		{FFFD3E09-A803-4F99-BAC5-C93ABA3E02D3}.Debug|x64.Build.0 = Debug|Any CPU
		{FFFD3E09-A803-4F99-BAC5-C93ABA3E02D3}.Debug|x86.ActiveCfg = Debug|Any CPU
		{FFFD3E09-A803-4F99-BAC5-C93ABA3E02D3}.Debug|x86.Build.0 = Debug|Any CPU
		{FFFD3E09-A803-4F99-BAC5-C93ABA3E02D3}.Release|Any CPU.ActiveCfg = Release|Any CPU
		{FFFD3E09-A803-4F99-BAC5-C93ABA3E02D3}.Release|Any CPU.Build.0 = Release|Any CPU
		{FFFD3E09-A803-4F99-BAC5-C93ABA3E02D3}.Release|ARM.ActiveCfg = Release|Any CPU
		{FFFD3E09-A803-4F99-BAC5-C93ABA3E02D3}.Release|ARM.Build.0 = Release|Any CPU
		{FFFD3E09-A803-4F99-BAC5-C93ABA3E02D3}.Release|iPhone.ActiveCfg = Release|Any CPU
		{FFFD3E09-A803-4F99-BAC5-C93ABA3E02D3}.Release|iPhone.Build.0 = Release|Any CPU
		{FFFD3E09-A803-4F99-BAC5-C93ABA3E02D3}.Release|iPhoneSimulator.ActiveCfg = Release|Any CPU
		{FFFD3E09-A803-4F99-BAC5-C93ABA3E02D3}.Release|iPhoneSimulator.Build.0 = Release|Any CPU
		{FFFD3E09-A803-4F99-BAC5-C93ABA3E02D3}.Release|x64.ActiveCfg = Release|Any CPU
		{FFFD3E09-A803-4F99-BAC5-C93ABA3E02D3}.Release|x64.Build.0 = Release|Any CPU
		{FFFD3E09-A803-4F99-BAC5-C93ABA3E02D3}.Release|x86.ActiveCfg = Release|Any CPU
		{FFFD3E09-A803-4F99-BAC5-C93ABA3E02D3}.Release|x86.Build.0 = Release|Any CPU
		{EE65FA8B-1D87-4050-BC21-F305F2F8AE45}.Ad-Hoc|Any CPU.ActiveCfg = Debug|Any CPU
		{EE65FA8B-1D87-4050-BC21-F305F2F8AE45}.Ad-Hoc|Any CPU.Build.0 = Debug|Any CPU
		{EE65FA8B-1D87-4050-BC21-F305F2F8AE45}.Ad-Hoc|ARM.ActiveCfg = Debug|Any CPU
		{EE65FA8B-1D87-4050-BC21-F305F2F8AE45}.Ad-Hoc|ARM.Build.0 = Debug|Any CPU
		{EE65FA8B-1D87-4050-BC21-F305F2F8AE45}.Ad-Hoc|iPhone.ActiveCfg = Debug|Any CPU
		{EE65FA8B-1D87-4050-BC21-F305F2F8AE45}.Ad-Hoc|iPhone.Build.0 = Debug|Any CPU
		{EE65FA8B-1D87-4050-BC21-F305F2F8AE45}.Ad-Hoc|iPhoneSimulator.ActiveCfg = Debug|Any CPU
		{EE65FA8B-1D87-4050-BC21-F305F2F8AE45}.Ad-Hoc|iPhoneSimulator.Build.0 = Debug|Any CPU
		{EE65FA8B-1D87-4050-BC21-F305F2F8AE45}.Ad-Hoc|x64.ActiveCfg = Debug|Any CPU
		{EE65FA8B-1D87-4050-BC21-F305F2F8AE45}.Ad-Hoc|x64.Build.0 = Debug|Any CPU
		{EE65FA8B-1D87-4050-BC21-F305F2F8AE45}.Ad-Hoc|x86.ActiveCfg = Debug|Any CPU
		{EE65FA8B-1D87-4050-BC21-F305F2F8AE45}.Ad-Hoc|x86.Build.0 = Debug|Any CPU
		{EE65FA8B-1D87-4050-BC21-F305F2F8AE45}.AppStore|Any CPU.ActiveCfg = Debug|Any CPU
		{EE65FA8B-1D87-4050-BC21-F305F2F8AE45}.AppStore|Any CPU.Build.0 = Debug|Any CPU
		{EE65FA8B-1D87-4050-BC21-F305F2F8AE45}.AppStore|ARM.ActiveCfg = Debug|Any CPU
		{EE65FA8B-1D87-4050-BC21-F305F2F8AE45}.AppStore|ARM.Build.0 = Debug|Any CPU
		{EE65FA8B-1D87-4050-BC21-F305F2F8AE45}.AppStore|iPhone.ActiveCfg = Debug|Any CPU
		{EE65FA8B-1D87-4050-BC21-F305F2F8AE45}.AppStore|iPhone.Build.0 = Debug|Any CPU
		{EE65FA8B-1D87-4050-BC21-F305F2F8AE45}.AppStore|iPhoneSimulator.ActiveCfg = Debug|Any CPU
		{EE65FA8B-1D87-4050-BC21-F305F2F8AE45}.AppStore|iPhoneSimulator.Build.0 = Debug|Any CPU
		{EE65FA8B-1D87-4050-BC21-F305F2F8AE45}.AppStore|x64.ActiveCfg = Debug|Any CPU
		{EE65FA8B-1D87-4050-BC21-F305F2F8AE45}.AppStore|x64.Build.0 = Debug|Any CPU
		{EE65FA8B-1D87-4050-BC21-F305F2F8AE45}.AppStore|x86.ActiveCfg = Debug|Any CPU
		{EE65FA8B-1D87-4050-BC21-F305F2F8AE45}.AppStore|x86.Build.0 = Debug|Any CPU
		{EE65FA8B-1D87-4050-BC21-F305F2F8AE45}.Debug|Any CPU.ActiveCfg = Debug|Any CPU
		{EE65FA8B-1D87-4050-BC21-F305F2F8AE45}.Debug|Any CPU.Build.0 = Debug|Any CPU
		{EE65FA8B-1D87-4050-BC21-F305F2F8AE45}.Debug|ARM.ActiveCfg = Debug|Any CPU
		{EE65FA8B-1D87-4050-BC21-F305F2F8AE45}.Debug|ARM.Build.0 = Debug|Any CPU
		{EE65FA8B-1D87-4050-BC21-F305F2F8AE45}.Debug|iPhone.ActiveCfg = Debug|Any CPU
		{EE65FA8B-1D87-4050-BC21-F305F2F8AE45}.Debug|iPhone.Build.0 = Debug|Any CPU
		{EE65FA8B-1D87-4050-BC21-F305F2F8AE45}.Debug|iPhoneSimulator.ActiveCfg = Debug|Any CPU
		{EE65FA8B-1D87-4050-BC21-F305F2F8AE45}.Debug|iPhoneSimulator.Build.0 = Debug|Any CPU
		{EE65FA8B-1D87-4050-BC21-F305F2F8AE45}.Debug|x64.ActiveCfg = Debug|Any CPU
		{EE65FA8B-1D87-4050-BC21-F305F2F8AE45}.Debug|x64.Build.0 = Debug|Any CPU
		{EE65FA8B-1D87-4050-BC21-F305F2F8AE45}.Debug|x86.ActiveCfg = Debug|Any CPU
		{EE65FA8B-1D87-4050-BC21-F305F2F8AE45}.Debug|x86.Build.0 = Debug|Any CPU
		{EE65FA8B-1D87-4050-BC21-F305F2F8AE45}.Release|Any CPU.ActiveCfg = Release|Any CPU
		{EE65FA8B-1D87-4050-BC21-F305F2F8AE45}.Release|Any CPU.Build.0 = Release|Any CPU
		{EE65FA8B-1D87-4050-BC21-F305F2F8AE45}.Release|ARM.ActiveCfg = Release|Any CPU
		{EE65FA8B-1D87-4050-BC21-F305F2F8AE45}.Release|ARM.Build.0 = Release|Any CPU
		{EE65FA8B-1D87-4050-BC21-F305F2F8AE45}.Release|iPhone.ActiveCfg = Release|Any CPU
		{EE65FA8B-1D87-4050-BC21-F305F2F8AE45}.Release|iPhone.Build.0 = Release|Any CPU
		{EE65FA8B-1D87-4050-BC21-F305F2F8AE45}.Release|iPhoneSimulator.ActiveCfg = Release|Any CPU
		{EE65FA8B-1D87-4050-BC21-F305F2F8AE45}.Release|iPhoneSimulator.Build.0 = Release|Any CPU
		{EE65FA8B-1D87-4050-BC21-F305F2F8AE45}.Release|x64.ActiveCfg = Release|Any CPU
		{EE65FA8B-1D87-4050-BC21-F305F2F8AE45}.Release|x64.Build.0 = Release|Any CPU
		{EE65FA8B-1D87-4050-BC21-F305F2F8AE45}.Release|x86.ActiveCfg = Release|Any CPU
		{EE65FA8B-1D87-4050-BC21-F305F2F8AE45}.Release|x86.Build.0 = Release|Any CPU
		{0E7AEB45-80F2-42B9-96BB-3414669E58AA}.Ad-Hoc|Any CPU.ActiveCfg = Debug|Any CPU
		{0E7AEB45-80F2-42B9-96BB-3414669E58AA}.Ad-Hoc|Any CPU.Build.0 = Debug|Any CPU
		{0E7AEB45-80F2-42B9-96BB-3414669E58AA}.Ad-Hoc|ARM.ActiveCfg = Debug|Any CPU
		{0E7AEB45-80F2-42B9-96BB-3414669E58AA}.Ad-Hoc|ARM.Build.0 = Debug|Any CPU
		{0E7AEB45-80F2-42B9-96BB-3414669E58AA}.Ad-Hoc|iPhone.ActiveCfg = Debug|Any CPU
		{0E7AEB45-80F2-42B9-96BB-3414669E58AA}.Ad-Hoc|iPhone.Build.0 = Debug|Any CPU
		{0E7AEB45-80F2-42B9-96BB-3414669E58AA}.Ad-Hoc|iPhoneSimulator.ActiveCfg = Debug|Any CPU
		{0E7AEB45-80F2-42B9-96BB-3414669E58AA}.Ad-Hoc|iPhoneSimulator.Build.0 = Debug|Any CPU
		{0E7AEB45-80F2-42B9-96BB-3414669E58AA}.Ad-Hoc|x64.ActiveCfg = Debug|Any CPU
		{0E7AEB45-80F2-42B9-96BB-3414669E58AA}.Ad-Hoc|x64.Build.0 = Debug|Any CPU
		{0E7AEB45-80F2-42B9-96BB-3414669E58AA}.Ad-Hoc|x86.ActiveCfg = Debug|Any CPU
		{0E7AEB45-80F2-42B9-96BB-3414669E58AA}.Ad-Hoc|x86.Build.0 = Debug|Any CPU
		{0E7AEB45-80F2-42B9-96BB-3414669E58AA}.AppStore|Any CPU.ActiveCfg = Debug|Any CPU
		{0E7AEB45-80F2-42B9-96BB-3414669E58AA}.AppStore|Any CPU.Build.0 = Debug|Any CPU
		{0E7AEB45-80F2-42B9-96BB-3414669E58AA}.AppStore|ARM.ActiveCfg = Debug|Any CPU
		{0E7AEB45-80F2-42B9-96BB-3414669E58AA}.AppStore|ARM.Build.0 = Debug|Any CPU
		{0E7AEB45-80F2-42B9-96BB-3414669E58AA}.AppStore|iPhone.ActiveCfg = Debug|Any CPU
		{0E7AEB45-80F2-42B9-96BB-3414669E58AA}.AppStore|iPhone.Build.0 = Debug|Any CPU
		{0E7AEB45-80F2-42B9-96BB-3414669E58AA}.AppStore|iPhoneSimulator.ActiveCfg = Debug|Any CPU
		{0E7AEB45-80F2-42B9-96BB-3414669E58AA}.AppStore|iPhoneSimulator.Build.0 = Debug|Any CPU
		{0E7AEB45-80F2-42B9-96BB-3414669E58AA}.AppStore|x64.ActiveCfg = Debug|Any CPU
		{0E7AEB45-80F2-42B9-96BB-3414669E58AA}.AppStore|x64.Build.0 = Debug|Any CPU
		{0E7AEB45-80F2-42B9-96BB-3414669E58AA}.AppStore|x86.ActiveCfg = Debug|Any CPU
		{0E7AEB45-80F2-42B9-96BB-3414669E58AA}.AppStore|x86.Build.0 = Debug|Any CPU
		{0E7AEB45-80F2-42B9-96BB-3414669E58AA}.Debug|Any CPU.ActiveCfg = Debug|Any CPU
		{0E7AEB45-80F2-42B9-96BB-3414669E58AA}.Debug|Any CPU.Build.0 = Debug|Any CPU
		{0E7AEB45-80F2-42B9-96BB-3414669E58AA}.Debug|ARM.ActiveCfg = Debug|Any CPU
		{0E7AEB45-80F2-42B9-96BB-3414669E58AA}.Debug|ARM.Build.0 = Debug|Any CPU
		{0E7AEB45-80F2-42B9-96BB-3414669E58AA}.Debug|iPhone.ActiveCfg = Debug|Any CPU
		{0E7AEB45-80F2-42B9-96BB-3414669E58AA}.Debug|iPhone.Build.0 = Debug|Any CPU
		{0E7AEB45-80F2-42B9-96BB-3414669E58AA}.Debug|iPhoneSimulator.ActiveCfg = Debug|Any CPU
		{0E7AEB45-80F2-42B9-96BB-3414669E58AA}.Debug|iPhoneSimulator.Build.0 = Debug|Any CPU
		{0E7AEB45-80F2-42B9-96BB-3414669E58AA}.Debug|x64.ActiveCfg = Debug|Any CPU
		{0E7AEB45-80F2-42B9-96BB-3414669E58AA}.Debug|x64.Build.0 = Debug|Any CPU
		{0E7AEB45-80F2-42B9-96BB-3414669E58AA}.Debug|x86.ActiveCfg = Debug|Any CPU
		{0E7AEB45-80F2-42B9-96BB-3414669E58AA}.Debug|x86.Build.0 = Debug|Any CPU
		{0E7AEB45-80F2-42B9-96BB-3414669E58AA}.Release|Any CPU.ActiveCfg = Release|Any CPU
		{0E7AEB45-80F2-42B9-96BB-3414669E58AA}.Release|Any CPU.Build.0 = Release|Any CPU
		{0E7AEB45-80F2-42B9-96BB-3414669E58AA}.Release|ARM.ActiveCfg = Release|Any CPU
		{0E7AEB45-80F2-42B9-96BB-3414669E58AA}.Release|ARM.Build.0 = Release|Any CPU
		{0E7AEB45-80F2-42B9-96BB-3414669E58AA}.Release|iPhone.ActiveCfg = Release|Any CPU
		{0E7AEB45-80F2-42B9-96BB-3414669E58AA}.Release|iPhone.Build.0 = Release|Any CPU
		{0E7AEB45-80F2-42B9-96BB-3414669E58AA}.Release|iPhoneSimulator.ActiveCfg = Release|Any CPU
		{0E7AEB45-80F2-42B9-96BB-3414669E58AA}.Release|iPhoneSimulator.Build.0 = Release|Any CPU
		{0E7AEB45-80F2-42B9-96BB-3414669E58AA}.Release|x64.ActiveCfg = Release|Any CPU
		{0E7AEB45-80F2-42B9-96BB-3414669E58AA}.Release|x64.Build.0 = Release|Any CPU
		{0E7AEB45-80F2-42B9-96BB-3414669E58AA}.Release|x86.ActiveCfg = Release|Any CPU
		{0E7AEB45-80F2-42B9-96BB-3414669E58AA}.Release|x86.Build.0 = Release|Any CPU
		{D92EB452-7A72-4B26-A8ED-0204CD376BC4}.Ad-Hoc|Any CPU.ActiveCfg = Debug|Any CPU
		{D92EB452-7A72-4B26-A8ED-0204CD376BC4}.Ad-Hoc|Any CPU.Build.0 = Debug|Any CPU
		{D92EB452-7A72-4B26-A8ED-0204CD376BC4}.Ad-Hoc|ARM.ActiveCfg = Debug|Any CPU
		{D92EB452-7A72-4B26-A8ED-0204CD376BC4}.Ad-Hoc|ARM.Build.0 = Debug|Any CPU
		{D92EB452-7A72-4B26-A8ED-0204CD376BC4}.Ad-Hoc|iPhone.ActiveCfg = Debug|Any CPU
		{D92EB452-7A72-4B26-A8ED-0204CD376BC4}.Ad-Hoc|iPhone.Build.0 = Debug|Any CPU
		{D92EB452-7A72-4B26-A8ED-0204CD376BC4}.Ad-Hoc|iPhoneSimulator.ActiveCfg = Debug|Any CPU
		{D92EB452-7A72-4B26-A8ED-0204CD376BC4}.Ad-Hoc|iPhoneSimulator.Build.0 = Debug|Any CPU
		{D92EB452-7A72-4B26-A8ED-0204CD376BC4}.Ad-Hoc|x64.ActiveCfg = Debug|Any CPU
		{D92EB452-7A72-4B26-A8ED-0204CD376BC4}.Ad-Hoc|x64.Build.0 = Debug|Any CPU
		{D92EB452-7A72-4B26-A8ED-0204CD376BC4}.Ad-Hoc|x86.ActiveCfg = Debug|Any CPU
		{D92EB452-7A72-4B26-A8ED-0204CD376BC4}.Ad-Hoc|x86.Build.0 = Debug|Any CPU
		{D92EB452-7A72-4B26-A8ED-0204CD376BC4}.AppStore|Any CPU.ActiveCfg = Debug|Any CPU
		{D92EB452-7A72-4B26-A8ED-0204CD376BC4}.AppStore|Any CPU.Build.0 = Debug|Any CPU
		{D92EB452-7A72-4B26-A8ED-0204CD376BC4}.AppStore|ARM.ActiveCfg = Debug|Any CPU
		{D92EB452-7A72-4B26-A8ED-0204CD376BC4}.AppStore|ARM.Build.0 = Debug|Any CPU
		{D92EB452-7A72-4B26-A8ED-0204CD376BC4}.AppStore|iPhone.ActiveCfg = Debug|Any CPU
		{D92EB452-7A72-4B26-A8ED-0204CD376BC4}.AppStore|iPhone.Build.0 = Debug|Any CPU
		{D92EB452-7A72-4B26-A8ED-0204CD376BC4}.AppStore|iPhoneSimulator.ActiveCfg = Debug|Any CPU
		{D92EB452-7A72-4B26-A8ED-0204CD376BC4}.AppStore|iPhoneSimulator.Build.0 = Debug|Any CPU
		{D92EB452-7A72-4B26-A8ED-0204CD376BC4}.AppStore|x64.ActiveCfg = Debug|Any CPU
		{D92EB452-7A72-4B26-A8ED-0204CD376BC4}.AppStore|x64.Build.0 = Debug|Any CPU
		{D92EB452-7A72-4B26-A8ED-0204CD376BC4}.AppStore|x86.ActiveCfg = Debug|Any CPU
		{D92EB452-7A72-4B26-A8ED-0204CD376BC4}.AppStore|x86.Build.0 = Debug|Any CPU
		{D92EB452-7A72-4B26-A8ED-0204CD376BC4}.Debug|Any CPU.ActiveCfg = Debug|Any CPU
		{D92EB452-7A72-4B26-A8ED-0204CD376BC4}.Debug|Any CPU.Build.0 = Debug|Any CPU
		{D92EB452-7A72-4B26-A8ED-0204CD376BC4}.Debug|ARM.ActiveCfg = Debug|Any CPU
		{D92EB452-7A72-4B26-A8ED-0204CD376BC4}.Debug|ARM.Build.0 = Debug|Any CPU
		{D92EB452-7A72-4B26-A8ED-0204CD376BC4}.Debug|iPhone.ActiveCfg = Debug|Any CPU
		{D92EB452-7A72-4B26-A8ED-0204CD376BC4}.Debug|iPhone.Build.0 = Debug|Any CPU
		{D92EB452-7A72-4B26-A8ED-0204CD376BC4}.Debug|iPhoneSimulator.ActiveCfg = Debug|Any CPU
		{D92EB452-7A72-4B26-A8ED-0204CD376BC4}.Debug|iPhoneSimulator.Build.0 = Debug|Any CPU
		{D92EB452-7A72-4B26-A8ED-0204CD376BC4}.Debug|x64.ActiveCfg = Debug|Any CPU
		{D92EB452-7A72-4B26-A8ED-0204CD376BC4}.Debug|x64.Build.0 = Debug|Any CPU
		{D92EB452-7A72-4B26-A8ED-0204CD376BC4}.Debug|x86.ActiveCfg = Debug|Any CPU
		{D92EB452-7A72-4B26-A8ED-0204CD376BC4}.Debug|x86.Build.0 = Debug|Any CPU
		{D92EB452-7A72-4B26-A8ED-0204CD376BC4}.Release|Any CPU.ActiveCfg = Release|Any CPU
		{D92EB452-7A72-4B26-A8ED-0204CD376BC4}.Release|Any CPU.Build.0 = Release|Any CPU
		{D92EB452-7A72-4B26-A8ED-0204CD376BC4}.Release|ARM.ActiveCfg = Release|Any CPU
		{D92EB452-7A72-4B26-A8ED-0204CD376BC4}.Release|ARM.Build.0 = Release|Any CPU
		{D92EB452-7A72-4B26-A8ED-0204CD376BC4}.Release|iPhone.ActiveCfg = Release|Any CPU
		{D92EB452-7A72-4B26-A8ED-0204CD376BC4}.Release|iPhone.Build.0 = Release|Any CPU
		{D92EB452-7A72-4B26-A8ED-0204CD376BC4}.Release|iPhoneSimulator.ActiveCfg = Release|Any CPU
		{D92EB452-7A72-4B26-A8ED-0204CD376BC4}.Release|iPhoneSimulator.Build.0 = Release|Any CPU
		{D92EB452-7A72-4B26-A8ED-0204CD376BC4}.Release|x64.ActiveCfg = Release|Any CPU
		{D92EB452-7A72-4B26-A8ED-0204CD376BC4}.Release|x64.Build.0 = Release|Any CPU
		{D92EB452-7A72-4B26-A8ED-0204CD376BC4}.Release|x86.ActiveCfg = Release|Any CPU
		{D92EB452-7A72-4B26-A8ED-0204CD376BC4}.Release|x86.Build.0 = Release|Any CPU
		{23FB706A-2701-41E9-8BF9-28936001CA41}.Ad-Hoc|Any CPU.ActiveCfg = Debug|Any CPU
		{23FB706A-2701-41E9-8BF9-28936001CA41}.Ad-Hoc|Any CPU.Build.0 = Debug|Any CPU
		{23FB706A-2701-41E9-8BF9-28936001CA41}.Ad-Hoc|ARM.ActiveCfg = Debug|Any CPU
		{23FB706A-2701-41E9-8BF9-28936001CA41}.Ad-Hoc|ARM.Build.0 = Debug|Any CPU
		{23FB706A-2701-41E9-8BF9-28936001CA41}.Ad-Hoc|iPhone.ActiveCfg = Debug|Any CPU
		{23FB706A-2701-41E9-8BF9-28936001CA41}.Ad-Hoc|iPhone.Build.0 = Debug|Any CPU
		{23FB706A-2701-41E9-8BF9-28936001CA41}.Ad-Hoc|iPhoneSimulator.ActiveCfg = Debug|Any CPU
		{23FB706A-2701-41E9-8BF9-28936001CA41}.Ad-Hoc|iPhoneSimulator.Build.0 = Debug|Any CPU
		{23FB706A-2701-41E9-8BF9-28936001CA41}.Ad-Hoc|x64.ActiveCfg = Debug|Any CPU
		{23FB706A-2701-41E9-8BF9-28936001CA41}.Ad-Hoc|x64.Build.0 = Debug|Any CPU
		{23FB706A-2701-41E9-8BF9-28936001CA41}.Ad-Hoc|x86.ActiveCfg = Debug|Any CPU
		{23FB706A-2701-41E9-8BF9-28936001CA41}.Ad-Hoc|x86.Build.0 = Debug|Any CPU
		{23FB706A-2701-41E9-8BF9-28936001CA41}.AppStore|Any CPU.ActiveCfg = Debug|Any CPU
		{23FB706A-2701-41E9-8BF9-28936001CA41}.AppStore|Any CPU.Build.0 = Debug|Any CPU
		{23FB706A-2701-41E9-8BF9-28936001CA41}.AppStore|ARM.ActiveCfg = Debug|Any CPU
		{23FB706A-2701-41E9-8BF9-28936001CA41}.AppStore|ARM.Build.0 = Debug|Any CPU
		{23FB706A-2701-41E9-8BF9-28936001CA41}.AppStore|iPhone.ActiveCfg = Debug|Any CPU
		{23FB706A-2701-41E9-8BF9-28936001CA41}.AppStore|iPhone.Build.0 = Debug|Any CPU
		{23FB706A-2701-41E9-8BF9-28936001CA41}.AppStore|iPhoneSimulator.ActiveCfg = Debug|Any CPU
		{23FB706A-2701-41E9-8BF9-28936001CA41}.AppStore|iPhoneSimulator.Build.0 = Debug|Any CPU
		{23FB706A-2701-41E9-8BF9-28936001CA41}.AppStore|x64.ActiveCfg = Debug|Any CPU
		{23FB706A-2701-41E9-8BF9-28936001CA41}.AppStore|x64.Build.0 = Debug|Any CPU
		{23FB706A-2701-41E9-8BF9-28936001CA41}.AppStore|x86.ActiveCfg = Debug|Any CPU
		{23FB706A-2701-41E9-8BF9-28936001CA41}.AppStore|x86.Build.0 = Debug|Any CPU
		{23FB706A-2701-41E9-8BF9-28936001CA41}.Debug|Any CPU.ActiveCfg = Debug|Any CPU
		{23FB706A-2701-41E9-8BF9-28936001CA41}.Debug|Any CPU.Build.0 = Debug|Any CPU
		{23FB706A-2701-41E9-8BF9-28936001CA41}.Debug|ARM.ActiveCfg = Debug|Any CPU
		{23FB706A-2701-41E9-8BF9-28936001CA41}.Debug|ARM.Build.0 = Debug|Any CPU
		{23FB706A-2701-41E9-8BF9-28936001CA41}.Debug|iPhone.ActiveCfg = Debug|Any CPU
		{23FB706A-2701-41E9-8BF9-28936001CA41}.Debug|iPhone.Build.0 = Debug|Any CPU
		{23FB706A-2701-41E9-8BF9-28936001CA41}.Debug|iPhoneSimulator.ActiveCfg = Debug|Any CPU
		{23FB706A-2701-41E9-8BF9-28936001CA41}.Debug|iPhoneSimulator.Build.0 = Debug|Any CPU
		{23FB706A-2701-41E9-8BF9-28936001CA41}.Debug|x64.ActiveCfg = Debug|Any CPU
		{23FB706A-2701-41E9-8BF9-28936001CA41}.Debug|x64.Build.0 = Debug|Any CPU
		{23FB706A-2701-41E9-8BF9-28936001CA41}.Debug|x86.ActiveCfg = Debug|Any CPU
		{23FB706A-2701-41E9-8BF9-28936001CA41}.Debug|x86.Build.0 = Debug|Any CPU
		{23FB706A-2701-41E9-8BF9-28936001CA41}.Release|Any CPU.ActiveCfg = Release|Any CPU
		{23FB706A-2701-41E9-8BF9-28936001CA41}.Release|Any CPU.Build.0 = Release|Any CPU
		{23FB706A-2701-41E9-8BF9-28936001CA41}.Release|ARM.ActiveCfg = Release|Any CPU
		{23FB706A-2701-41E9-8BF9-28936001CA41}.Release|ARM.Build.0 = Release|Any CPU
		{23FB706A-2701-41E9-8BF9-28936001CA41}.Release|iPhone.ActiveCfg = Release|Any CPU
		{23FB706A-2701-41E9-8BF9-28936001CA41}.Release|iPhone.Build.0 = Release|Any CPU
		{23FB706A-2701-41E9-8BF9-28936001CA41}.Release|iPhoneSimulator.ActiveCfg = Release|Any CPU
		{23FB706A-2701-41E9-8BF9-28936001CA41}.Release|iPhoneSimulator.Build.0 = Release|Any CPU
		{23FB706A-2701-41E9-8BF9-28936001CA41}.Release|x64.ActiveCfg = Release|Any CPU
		{23FB706A-2701-41E9-8BF9-28936001CA41}.Release|x64.Build.0 = Release|Any CPU
		{23FB706A-2701-41E9-8BF9-28936001CA41}.Release|x86.ActiveCfg = Release|Any CPU
		{23FB706A-2701-41E9-8BF9-28936001CA41}.Release|x86.Build.0 = Release|Any CPU
	EndGlobalSection
	GlobalSection(SolutionProperties) = preSolution
		HideSolutionNode = FALSE
	EndGlobalSection
	GlobalSection(NestedProjects) = preSolution
		{91CF7717-08AB-4E65-B10E-0B426F01E2E8} = {932D8224-11F6-4D07-B109-DA28AD288A63}
		{E279BF0F-7F66-4F3A-A3AB-2CDA66C1CD04} = {932D8224-11F6-4D07-B109-DA28AD288A63}
		{326A7FB3-5295-468C-A4FE-67DCB823E1E5} = {91CF7717-08AB-4E65-B10E-0B426F01E2E8}
		{BF3EF4F3-E4F5-41DA-9D2D-57223687D1A8} = {91CF7717-08AB-4E65-B10E-0B426F01E2E8}
		{0BD0DB92-2D98-44D9-9AC0-C59186D59B0B} = {91CF7717-08AB-4E65-B10E-0B426F01E2E8}
		{2110CBB0-3B38-4EE4-A743-DF6968D80D90} = {BF3EF4F3-E4F5-41DA-9D2D-57223687D1A8}
		{42681D9D-750A-4DF7-BD9F-9292CFD5C253} = {326A7FB3-5295-468C-A4FE-67DCB823E1E5}
		{231226CE-690B-4979-8870-9A79D80928E2} = {0BD0DB92-2D98-44D9-9AC0-C59186D59B0B}
		{F5598DCB-6DDE-4661-AD9D-A55612DA7E76} = {0BD0DB92-2D98-44D9-9AC0-C59186D59B0B}
		{F0333D8E-0B27-42B7-B2C6-78F3657624E2} = {E279BF0F-7F66-4F3A-A3AB-2CDA66C1CD04}
		{95F1F07C-4D92-4742-BD07-E5B805AAB651} = {0BD0DB92-2D98-44D9-9AC0-C59186D59B0B}
		{02DF7FEE-C302-433D-A6CD-237A2569F236} = {91CF7717-08AB-4E65-B10E-0B426F01E2E8}
		{A579E108-5445-403D-A407-339AC4D1611B} = {02DF7FEE-C302-433D-A6CD-237A2569F236}
		{1EF3AC0F-F27C-46DD-AC53-D762D2C11C45} = {932D8224-11F6-4D07-B109-DA28AD288A63}
		{B473B70F-0796-4862-B1AD-BB742D93B868} = {1EF3AC0F-F27C-46DD-AC53-D762D2C11C45}
		{3D6B7A87-162E-4479-B256-1291BEB503B6} = {B473B70F-0796-4862-B1AD-BB742D93B868}
		{52AF222A-258C-4032-ACDD-857D7251BC1E} = {B473B70F-0796-4862-B1AD-BB742D93B868}
		{438B774F-5569-4DE2-AA62-3F8BAEB31C55} = {B473B70F-0796-4862-B1AD-BB742D93B868}
		{96CE8CE7-BC97-4A53-899F-5EB63D7BBF7B} = {1EF3AC0F-F27C-46DD-AC53-D762D2C11C45}
		{FFFD3E09-A803-4F99-BAC5-C93ABA3E02D3} = {96CE8CE7-BC97-4A53-899F-5EB63D7BBF7B}
		{EE65FA8B-1D87-4050-BC21-F305F2F8AE45} = {96CE8CE7-BC97-4A53-899F-5EB63D7BBF7B}
		{0E7AEB45-80F2-42B9-96BB-3414669E58AA} = {96CE8CE7-BC97-4A53-899F-5EB63D7BBF7B}
		{D13768ED-5AF1-4E09-96DD-FF6E7A2E5E06} = {1EF3AC0F-F27C-46DD-AC53-D762D2C11C45}
		{D92EB452-7A72-4B26-A8ED-0204CD376BC4} = {D13768ED-5AF1-4E09-96DD-FF6E7A2E5E06}
		{23FB706A-2701-41E9-8BF9-28936001CA41} = {E279BF0F-7F66-4F3A-A3AB-2CDA66C1CD04}
	EndGlobalSection
EndGlobal
